PODS:
  - Alamofire (4.5.1)
  - KeychainAccess (3.1.0)
  - Moya/Core (11.0.1):
    - Alamofire (~> 4.1)
    - Result (~> 3.0)
  - Moya/RxSwift (11.0.1):
    - Moya/Core
    - RxSwift (~> 4.0)
  - NSObject+Rx (4.2.0):
    - RxSwift (~> 4.0)
  - NVActivityIndicatorView (4.0.0):
    - NVActivityIndicatorView/Presenter (= 4.0.0)
  - NVActivityIndicatorView/Presenter (4.0.0)
  - R.swift (3.3.0):
    - R.swift.Library (~> 3.0.2)
  - R.swift.Library (3.0.2)
  - Realm (2.10.2):
    - Realm/Headers (= 2.10.2)
  - Realm/Headers (2.10.2)
  - RealmSwift (2.10.2):
    - Realm (= 2.10.2)
  - Result (3.2.4)
  - RxCocoa (4.0.0):
    - RxSwift (~> 4.0)
  - RxSwift (4.0.0)
  - SVProgressHUD (2.1.2)
  - SwiftFormat/CLI (0.33.4)
  - SwiftLint (0.23.1)
  - VerticalAlignmentLabel (0.1.0)

DEPENDENCIES:
  - Alamofire (~> 4.4)
  - KeychainAccess (~> 3.1)
  - Moya/RxSwift (~> 11.0)
  - NSObject+Rx (~> 4.2)
  - NVActivityIndicatorView (~> 4.0.0)
  - R.swift (~> 3.3)
  - Realm (~> 2.4)
  - RealmSwift (~> 2.4)
  - RxCocoa (~> 4.0)
  - RxSwift (~> 4.0)
  - SVProgressHUD (= 2.1.2)
  - SwiftFormat/CLI (~> 0.33)
  - SwiftLint (~> 0.23)
  - VerticalAlignmentLabel (~> 0.1)

SPEC CHECKSUMS:
  Alamofire: 2d95912bf4c34f164fdfc335872e8c312acaea4a
  KeychainAccess: 94c5540b32eabf7bc32bfb976a268e8ea05fd6da
  Moya: 3d594ada51a21cc02b18739ab578a1984f900c8a
  NSObject+Rx: cbbc05e3cb3ad446cdbced3e00e39c9efaf02925
  NVActivityIndicatorView: 54c9b93b6f25a4f467512680c0c90c09a1095cf2
  R.swift: bde9704d50ff36820f49e266bc88ef545e1e9b36
  R.swift.Library: fbdec16c9802ad104fc1ba53415dc190e6ec5c73
  Realm: 0ef72b837fb67e9f4b098bac771ddd72c7fdbb69
  RealmSwift: 07a9ae0505091eda6b2ee7c190c3786d6e90a7b0
  Result: d2d07204ce72856f1fd9130bbe42c35a7b0fea10
  RxCocoa: d62846ca96495d862fa4c59ea7d87e5031d7340e
  RxSwift: fd680d75283beb5e2559486f3c0ff852f0d35334
  SVProgressHUD: c404a55d78acbeb7ebb78b76d3faf986475a6994
  SwiftFormat: f39044d75d5e58dbbc7c436c089104ec9c8f717a
  SwiftLint: 1b670ce79284c76520f84060e87d645078fd32fa
  VerticalAlignmentLabel: 8a13ee9970aa38868aa40fece249dbc2a9df59ed

PODFILE CHECKSUM: 3d7e8d0b80b170adb4d292d1607f4b7bef5c1d27

COCOAPODS: 1.4.0
