// !$*UTF8*$!
{
	archiveVersion = 1;
	classes = {
	};
	objectVersion = 46;
	objects = {

/* Begin PBXBuildFile section */
		8378C8F6D4B063605AA2555B /* Pods_Eiger.framework in Frameworks */ = {isa = PBXBuildFile; fileRef = DFF4CC3D69BCC19688AED03F /* Pods_Eiger.framework */; };
		A57EFEAC1E3E06D300B66701 /* Assets.xcassets in Resources */ = {isa = PBXBuildFile; fileRef = A57EFEAB1E3E06D300B66701 /* Assets.xcassets */; };
		A57EFEAF1E3E06D300B66701 /* LaunchScreen.storyboard in Resources */ = {isa = PBXBuildFile; fileRef = A57EFEAD1E3E06D300B66701 /* LaunchScreen.storyboard */; };
		A5D88FAE1E4F1E5D0099DFA3 /* EGlogger.swift in Sources */ = {isa = PBXBuildFile; fileRef = A5D88FAD1E4F1E5D0099DFA3 /* EGlogger.swift */; };
		A5D88FB01E4F1E9A0099DFA3 /* invalid.html in Resources */ = {isa = PBXBuildFile; fileRef = A5D88FAF1E4F1E9A0099DFA3 /* invalid.html */; };
		A5D88FB21E4F1EA40099DFA3 /* dns.html in Resources */ = {isa = PBXBuildFile; fileRef = A5D88FB11E4F1EA40099DFA3 /* dns.html */; };
		A5D88FB41E4F1EB00099DFA3 /* authorize.html in Resources */ = {isa = PBXBuildFile; fileRef = A5D88FB31E4F1EB00099DFA3 /* authorize.html */; };
		A5D88FB61E4F1ED70099DFA3 /* AppDataManager.swift in Sources */ = {isa = PBXBuildFile; fileRef = A5D88FB51E4F1ED70099DFA3 /* AppDataManager.swift */; };
		A5D88FB81E4F1EE30099DFA3 /* AppDelegate.swift in Sources */ = {isa = PBXBuildFile; fileRef = A5D88FB71E4F1EE30099DFA3 /* AppDelegate.swift */; };
		A5D88FBA1E4F1EED0099DFA3 /* BaseView.swift in Sources */ = {isa = PBXBuildFile; fileRef = A5D88FB91E4F1EED0099DFA3 /* BaseView.swift */; };
		A5D88FBC1E4F1EF50099DFA3 /* BaseViewModel.swift in Sources */ = {isa = PBXBuildFile; fileRef = A5D88FBB1E4F1EF50099DFA3 /* BaseViewModel.swift */; };
		A5D88FBE1E4F1F050099DFA3 /* EGApplication.swift in Sources */ = {isa = PBXBuildFile; fileRef = A5D88FBD1E4F1F050099DFA3 /* EGApplication.swift */; };
		A5D88FC01E4F1F130099DFA3 /* DeviceDataManager.swift in Sources */ = {isa = PBXBuildFile; fileRef = A5D88FBF1E4F1F130099DFA3 /* DeviceDataManager.swift */; };
		A5D88FC21E4F1F1E0099DFA3 /* EGProgressBar.swift in Sources */ = {isa = PBXBuildFile; fileRef = A5D88FC11E4F1F1E0099DFA3 /* EGProgressBar.swift */; };
		A5D88FC41E4F1F2F0099DFA3 /* EGWebView.swift in Sources */ = {isa = PBXBuildFile; fileRef = A5D88FC31E4F1F2F0099DFA3 /* EGWebView.swift */; };
		A5D88FC61E4F1F3D0099DFA3 /* BaseViewController.swift in Sources */ = {isa = PBXBuildFile; fileRef = A5D88FC51E4F1F3D0099DFA3 /* BaseViewController.swift */; };
		A5D88FC81E4F1FFE0099DFA3 /* UIColor+Extend.swift in Sources */ = {isa = PBXBuildFile; fileRef = A5D88FC71E4F1FFE0099DFA3 /* UIColor+Extend.swift */; };
		A5D88FCA1E4F20050099DFA3 /* timeout.html in Resources */ = {isa = PBXBuildFile; fileRef = A5D88FC91E4F20050099DFA3 /* timeout.html */; };
		A5D88FCC1E4F60260099DFA3 /* History.swift in Sources */ = {isa = PBXBuildFile; fileRef = A5D88FCB1E4F60260099DFA3 /* History.swift */; };
/* End PBXBuildFile section */

/* Begin PBXFileReference section */
		1295D5195CBCC3B4AD027352 /* Pods-Eiger.release.xcconfig */ = {isa = PBXFileReference; includeInIndex = 1; lastKnownFileType = text.xcconfig; name = "Pods-Eiger.release.xcconfig"; path = "Pods/Target Support Files/Pods-Eiger/Pods-Eiger.release.xcconfig"; sourceTree = "<group>"; };
		A57EFEA11E3E06D300B66701 /* Eiger.app */ = {isa = PBXFileReference; explicitFileType = wrapper.application; includeInIndex = 0; path = Eiger.app; sourceTree = BUILT_PRODUCTS_DIR; };
		A57EFEAB1E3E06D300B66701 /* Assets.xcassets */ = {isa = PBXFileReference; lastKnownFileType = folder.assetcatalog; path = Assets.xcassets; sourceTree = "<group>"; };
		A57EFEAE1E3E06D300B66701 /* Base */ = {isa = PBXFileReference; lastKnownFileType = file.storyboard; name = Base; path = Base.lproj/LaunchScreen.storyboard; sourceTree = "<group>"; };
		A57EFEB01E3E06D300B66701 /* Info.plist */ = {isa = PBXFileReference; lastKnownFileType = text.plist.xml; path = Info.plist; sourceTree = "<group>"; };
		A5D88FAC1E4F1E5C0099DFA3 /* Eiger-Bridging-Header.h */ = {isa = PBXFileReference; lastKnownFileType = sourcecode.c.h; path = "Eiger-Bridging-Header.h"; sourceTree = "<group>"; };
		A5D88FAD1E4F1E5D0099DFA3 /* EGlogger.swift */ = {isa = PBXFileReference; fileEncoding = 4; lastKnownFileType = sourcecode.swift; path = EGlogger.swift; sourceTree = "<group>"; };
		A5D88FAF1E4F1E9A0099DFA3 /* invalid.html */ = {isa = PBXFileReference; fileEncoding = 4; lastKnownFileType = text.html; path = invalid.html; sourceTree = "<group>"; };
		A5D88FB11E4F1EA40099DFA3 /* dns.html */ = {isa = PBXFileReference; fileEncoding = 4; lastKnownFileType = text.html; path = dns.html; sourceTree = "<group>"; };
		A5D88FB31E4F1EB00099DFA3 /* authorize.html */ = {isa = PBXFileReference; fileEncoding = 4; lastKnownFileType = text.html; path = authorize.html; sourceTree = "<group>"; };
		A5D88FB51E4F1ED70099DFA3 /* AppDataManager.swift */ = {isa = PBXFileReference; fileEncoding = 4; lastKnownFileType = sourcecode.swift; path = AppDataManager.swift; sourceTree = "<group>"; };
		A5D88FB71E4F1EE30099DFA3 /* AppDelegate.swift */ = {isa = PBXFileReference; fileEncoding = 4; lastKnownFileType = sourcecode.swift; path = AppDelegate.swift; sourceTree = "<group>"; };
		A5D88FB91E4F1EED0099DFA3 /* BaseView.swift */ = {isa = PBXFileReference; fileEncoding = 4; lastKnownFileType = sourcecode.swift; path = BaseView.swift; sourceTree = "<group>"; };
		A5D88FBB1E4F1EF50099DFA3 /* BaseViewModel.swift */ = {isa = PBXFileReference; fileEncoding = 4; lastKnownFileType = sourcecode.swift; path = BaseViewModel.swift; sourceTree = "<group>"; };
		A5D88FBD1E4F1F050099DFA3 /* EGApplication.swift */ = {isa = PBXFileReference; fileEncoding = 4; lastKnownFileType = sourcecode.swift; path = EGApplication.swift; sourceTree = "<group>"; };
		A5D88FBF1E4F1F130099DFA3 /* DeviceDataManager.swift */ = {isa = PBXFileReference; fileEncoding = 4; lastKnownFileType = sourcecode.swift; path = DeviceDataManager.swift; sourceTree = "<group>"; };
		A5D88FC11E4F1F1E0099DFA3 /* EGProgressBar.swift */ = {isa = PBXFileReference; fileEncoding = 4; lastKnownFileType = sourcecode.swift; path = EGProgressBar.swift; sourceTree = "<group>"; };
		A5D88FC31E4F1F2F0099DFA3 /* EGWebView.swift */ = {isa = PBXFileReference; fileEncoding = 4; lastKnownFileType = sourcecode.swift; path = EGWebView.swift; sourceTree = "<group>"; };
		A5D88FC51E4F1F3D0099DFA3 /* BaseViewController.swift */ = {isa = PBXFileReference; fileEncoding = 4; lastKnownFileType = sourcecode.swift; path = BaseViewController.swift; sourceTree = "<group>"; };
		A5D88FC71E4F1FFE0099DFA3 /* UIColor+Extend.swift */ = {isa = PBXFileReference; fileEncoding = 4; lastKnownFileType = sourcecode.swift; path = "UIColor+Extend.swift"; sourceTree = "<group>"; };
		A5D88FC91E4F20050099DFA3 /* timeout.html */ = {isa = PBXFileReference; fileEncoding = 4; lastKnownFileType = text.html; path = timeout.html; sourceTree = "<group>"; };
		A5D88FCB1E4F60260099DFA3 /* History.swift */ = {isa = PBXFileReference; fileEncoding = 4; lastKnownFileType = sourcecode.swift; path = History.swift; sourceTree = "<group>"; };
		DFF4CC3D69BCC19688AED03F /* Pods_Eiger.framework */ = {isa = PBXFileReference; explicitFileType = wrapper.framework; includeInIndex = 0; path = Pods_Eiger.framework; sourceTree = BUILT_PRODUCTS_DIR; };
		F75ECE3546ED4778637DAC93 /* Pods-Eiger.debug.xcconfig */ = {isa = PBXFileReference; includeInIndex = 1; lastKnownFileType = text.xcconfig; name = "Pods-Eiger.debug.xcconfig"; path = "Pods/Target Support Files/Pods-Eiger/Pods-Eiger.debug.xcconfig"; sourceTree = "<group>"; };
/* End PBXFileReference section */

/* Begin PBXFrameworksBuildPhase section */
		A57EFE9E1E3E06D300B66701 /* Frameworks */ = {
			isa = PBXFrameworksBuildPhase;
			buildActionMask = 2147483647;
			files = (
				8378C8F6D4B063605AA2555B /* Pods_Eiger.framework in Frameworks */,
			);
			runOnlyForDeploymentPostprocessing = 0;
		};
/* End PBXFrameworksBuildPhase section */

/* Begin PBXGroup section */
		1BAE9B5DD71F0DF92296651C /* Frameworks */ = {
			isa = PBXGroup;
			children = (
				DFF4CC3D69BCC19688AED03F /* Pods_Eiger.framework */,
			);
			name = Frameworks;
			sourceTree = "<group>";
		};
		2D6EC82ACCDEE92B54408E2F /* Pods */ = {
			isa = PBXGroup;
			children = (
				F75ECE3546ED4778637DAC93 /* Pods-Eiger.debug.xcconfig */,
				1295D5195CBCC3B4AD027352 /* Pods-Eiger.release.xcconfig */,
			);
			name = Pods;
			sourceTree = "<group>";
		};
		A57EFE981E3E06D300B66701 = {
			isa = PBXGroup;
			children = (
				A57EFEA31E3E06D300B66701 /* Eiger */,
				A57EFEA21E3E06D300B66701 /* Products */,
				2D6EC82ACCDEE92B54408E2F /* Pods */,
				1BAE9B5DD71F0DF92296651C /* Frameworks */,
			);
			sourceTree = "<group>";
		};
		A57EFEA21E3E06D300B66701 /* Products */ = {
			isa = PBXGroup;
			children = (
				A57EFEA11E3E06D300B66701 /* Eiger.app */,
			);
			name = Products;
			sourceTree = "<group>";
		};
		A57EFEA31E3E06D300B66701 /* Eiger */ = {
			isa = PBXGroup;
			children = (
				A5D88FAA1E4F1D660099DFA3 /* Resources */,
				A5D88FA91E4F1D280099DFA3 /* CommonData */,
				A5D88FA41E46100C0099DFA3 /* Controllers */,
				A5D88FA31E460FF40099DFA3 /* ViewModels */,
				A5D88FA21E460FED0099DFA3 /* Models */,
				A5D88FA11E460FE70099DFA3 /* Views */,
				A5D88FA01E460FE00099DFA3 /* CommonsUtil */,
				A57EFEAB1E3E06D300B66701 /* Assets.xcassets */,
				A5D88FBD1E4F1F050099DFA3 /* EGApplication.swift */,
				A5D88FB71E4F1EE30099DFA3 /* AppDelegate.swift */,
				A57EFEAD1E3E06D300B66701 /* LaunchScreen.storyboard */,
				A57EFEB01E3E06D300B66701 /* Info.plist */,
			);
			path = Eiger;
			sourceTree = "<group>";
		};
		A5D88FA01E460FE00099DFA3 /* CommonsUtil */ = {
			isa = PBXGroup;
			children = (
				A5D88FC71E4F1FFE0099DFA3 /* UIColor+Extend.swift */,
				A5D88FAD1E4F1E5D0099DFA3 /* EGlogger.swift */,
				A5D88FAC1E4F1E5C0099DFA3 /* Eiger-Bridging-Header.h */,
			);
			name = CommonsUtil;
			sourceTree = "<group>";
		};
		A5D88FA11E460FE70099DFA3 /* Views */ = {
			isa = PBXGroup;
			children = (
				A5D88FB91E4F1EED0099DFA3 /* BaseView.swift */,
				A5D88FC11E4F1F1E0099DFA3 /* EGProgressBar.swift */,
				A5D88FC31E4F1F2F0099DFA3 /* EGWebView.swift */,
			);
			name = Views;
			sourceTree = "<group>";
		};
		A5D88FA21E460FED0099DFA3 /* Models */ = {
			isa = PBXGroup;
			children = (
				A5D88FCB1E4F60260099DFA3 /* History.swift */,
			);
			name = Models;
			sourceTree = "<group>";
		};
		A5D88FA31E460FF40099DFA3 /* ViewModels */ = {
			isa = PBXGroup;
			children = (
				A5D88FBB1E4F1EF50099DFA3 /* BaseViewModel.swift */,
			);
			name = ViewModels;
			sourceTree = "<group>";
		};
		A5D88FA41E46100C0099DFA3 /* Controllers */ = {
			isa = PBXGroup;
			children = (
				A5D88FC51E4F1F3D0099DFA3 /* BaseViewController.swift */,
			);
			name = Controllers;
			sourceTree = "<group>";
		};
		A5D88FA91E4F1D280099DFA3 /* CommonData */ = {
			isa = PBXGroup;
			children = (
				A5D88FBF1E4F1F130099DFA3 /* DeviceDataManager.swift */,
				A5D88FB51E4F1ED70099DFA3 /* AppDataManager.swift */,
			);
			name = CommonData;
			sourceTree = "<group>";
		};
		A5D88FAA1E4F1D660099DFA3 /* Resources */ = {
			isa = PBXGroup;
			children = (
				A5D88FAB1E4F1D8D0099DFA3 /* www */,
			);
			name = Resources;
			sourceTree = "<group>";
		};
		A5D88FAB1E4F1D8D0099DFA3 /* www */ = {
			isa = PBXGroup;
			children = (
				A5D88FC91E4F20050099DFA3 /* timeout.html */,
				A5D88FB31E4F1EB00099DFA3 /* authorize.html */,
				A5D88FB11E4F1EA40099DFA3 /* dns.html */,
				A5D88FAF1E4F1E9A0099DFA3 /* invalid.html */,
			);
			name = www;
			sourceTree = "<group>";
		};
/* End PBXGroup section */

/* Begin PBXNativeTarget section */
		A57EFEA01E3E06D300B66701 /* Eiger */ = {
			isa = PBXNativeTarget;
			buildConfigurationList = A57EFEB31E3E06D300B66701 /* Build configuration list for PBXNativeTarget "Eiger" */;
			buildPhases = (
				57D8DA48BB701B7EFB84CDD9 /* [CP] Check Pods Manifest.lock */,
				A57EFE9D1E3E06D300B66701 /* Sources */,
				A57EFE9E1E3E06D300B66701 /* Frameworks */,
				A57EFE9F1E3E06D300B66701 /* Resources */,
				1D029561B4665ADEDAE1473F /* [CP] Embed Pods Frameworks */,
				1E63D71BB12081FC0887EC86 /* [CP] Copy Pods Resources */,
			);
			buildRules = (
			);
			dependencies = (
			);
			name = Eiger;
			productName = Eiger;
			productReference = A57EFEA11E3E06D300B66701 /* Eiger.app */;
			productType = "com.apple.product-type.application";
		};
/* End PBXNativeTarget section */

/* Begin PBXProject section */
		A57EFE991E3E06D300B66701 /* Project object */ = {
			isa = PBXProject;
			attributes = {
				LastSwiftUpdateCheck = 0810;
				LastUpgradeCheck = 0810;
				ORGANIZATIONNAME = eifaniori;
				TargetAttributes = {
					A57EFEA01E3E06D300B66701 = {
						CreatedOnToolsVersion = 8.1;
						DevelopmentTeam = NBF83W557A;
						LastSwiftMigration = 0820;
						ProvisioningStyle = Automatic;
					};
				};
			};
			buildConfigurationList = A57EFE9C1E3E06D300B66701 /* Build configuration list for PBXProject "Eiger" */;
			compatibilityVersion = "Xcode 3.2";
			developmentRegion = English;
			hasScannedForEncodings = 0;
			knownRegions = (
				en,
				Base,
			);
			mainGroup = A57EFE981E3E06D300B66701;
			productRefGroup = A57EFEA21E3E06D300B66701 /* Products */;
			projectDirPath = "";
			projectRoot = "";
			targets = (
				A57EFEA01E3E06D300B66701 /* Eiger */,
			);
		};
/* End PBXProject section */

/* Begin PBXResourcesBuildPhase section */
		A57EFE9F1E3E06D300B66701 /* Resources */ = {
			isa = PBXResourcesBuildPhase;
			buildActionMask = 2147483647;
			files = (
				A5D88FCA1E4F20050099DFA3 /* timeout.html in Resources */,
				A5D88FB21E4F1EA40099DFA3 /* dns.html in Resources */,
				A57EFEAF1E3E06D300B66701 /* LaunchScreen.storyboard in Resources */,
				A57EFEAC1E3E06D300B66701 /* Assets.xcassets in Resources */,
				A5D88FB01E4F1E9A0099DFA3 /* invalid.html in Resources */,
				A5D88FB41E4F1EB00099DFA3 /* authorize.html in Resources */,
			);
			runOnlyForDeploymentPostprocessing = 0;
		};
/* End PBXResourcesBuildPhase section */

/* Begin PBXShellScriptBuildPhase section */
		1D029561B4665ADEDAE1473F /* [CP] Embed Pods Frameworks */ = {
			isa = PBXShellScriptBuildPhase;
			buildActionMask = 2147483647;
			files = (
			);
			inputPaths = (
			);
			name = "[CP] Embed Pods Frameworks";
			outputPaths = (
			);
			runOnlyForDeploymentPostprocessing = 0;
			shellPath = /bin/sh;
			shellScript = "\"${SRCROOT}/Pods/Target Support Files/Pods-Eiger/Pods-Eiger-frameworks.sh\"\n";
			showEnvVarsInLog = 0;
		};
		1E63D71BB12081FC0887EC86 /* [CP] Copy Pods Resources */ = {
			isa = PBXShellScriptBuildPhase;
			buildActionMask = 2147483647;
			files = (
			);
			inputPaths = (
			);
			name = "[CP] Copy Pods Resources";
			outputPaths = (
			);
			runOnlyForDeploymentPostprocessing = 0;
			shellPath = /bin/sh;
			shellScript = "\"${SRCROOT}/Pods/Target Support Files/Pods-Eiger/Pods-Eiger-resources.sh\"\n";
			showEnvVarsInLog = 0;
		};
		57D8DA48BB701B7EFB84CDD9 /* [CP] Check Pods Manifest.lock */ = {
			isa = PBXShellScriptBuildPhase;
			buildActionMask = 2147483647;
			files = (
			);
			inputPaths = (
			);
			name = "[CP] Check Pods Manifest.lock";
			outputPaths = (
			);
			runOnlyForDeploymentPostprocessing = 0;
			shellPath = /bin/sh;
			shellScript = "diff \"${PODS_ROOT}/../Podfile.lock\" \"${PODS_ROOT}/Manifest.lock\" > /dev/null\nif [ $? != 0 ] ; then\n    # print error to STDERR\n    echo \"error: The sandbox is not in sync with the Podfile.lock. Run 'pod install' or update your CocoaPods installation.\" >&2\n    exit 1\nfi\n";
			showEnvVarsInLog = 0;
		};
/* End PBXShellScriptBuildPhase section */

/* Begin PBXSourcesBuildPhase section */
		A57EFE9D1E3E06D300B66701 /* Sources */ = {
			isa = PBXSourcesBuildPhase;
			buildActionMask = 2147483647;
			files = (
				A5D88FB81E4F1EE30099DFA3 /* AppDelegate.swift in Sources */,
				A5D88FBC1E4F1EF50099DFA3 /* BaseViewModel.swift in Sources */,
				A5D88FC01E4F1F130099DFA3 /* DeviceDataManager.swift in Sources */,
				A5D88FBE1E4F1F050099DFA3 /* EGApplication.swift in Sources */,
				A5D88FC21E4F1F1E0099DFA3 /* EGProgressBar.swift in Sources */,
				A5D88FC61E4F1F3D0099DFA3 /* BaseViewController.swift in Sources */,
				A5D88FCC1E4F60260099DFA3 /* History.swift in Sources */,
				A5D88FAE1E4F1E5D0099DFA3 /* EGlogger.swift in Sources */,
				A5D88FB61E4F1ED70099DFA3 /* AppDataManager.swift in Sources */,
				A5D88FBA1E4F1EED0099DFA3 /* BaseView.swift in Sources */,
				A5D88FC81E4F1FFE0099DFA3 /* UIColor+Extend.swift in Sources */,
				A5D88FC41E4F1F2F0099DFA3 /* EGWebView.swift in Sources */,
			);
			runOnlyForDeploymentPostprocessing = 0;
		};
/* End PBXSourcesBuildPhase section */

/* Begin PBXVariantGroup section */
		A57EFEAD1E3E06D300B66701 /* LaunchScreen.storyboard */ = {
			isa = PBXVariantGroup;
			children = (
				A57EFEAE1E3E06D300B66701 /* Base */,
			);
			name = LaunchScreen.storyboard;
			sourceTree = "<group>";
		};
/* End PBXVariantGroup section */

/* Begin XCBuildConfiguration section */
		A57EFEB11E3E06D300B66701 /* Debug */ = {
			isa = XCBuildConfiguration;
			buildSettings = {
				ALWAYS_SEARCH_USER_PATHS = NO;
				CLANG_ANALYZER_NONNULL = YES;
				CLANG_CXX_LANGUAGE_STANDARD = "gnu++0x";
				CLANG_CXX_LIBRARY = "libc++";
				CLANG_ENABLE_MODULES = YES;
				CLANG_ENABLE_OBJC_ARC = YES;
				CLANG_WARN_BOOL_CONVERSION = YES;
				CLANG_WARN_CONSTANT_CONVERSION = YES;
				CLANG_WARN_DIRECT_OBJC_ISA_USAGE = YES_ERROR;
				CLANG_WARN_DOCUMENTATION_COMMENTS = YES;
				CLANG_WARN_EMPTY_BODY = YES;
				CLANG_WARN_ENUM_CONVERSION = YES;
				CLANG_WARN_INFINITE_RECURSION = YES;
				CLANG_WARN_INT_CONVERSION = YES;
				CLANG_WARN_OBJC_ROOT_CLASS = YES_ERROR;
				CLANG_WARN_SUSPICIOUS_MOVE = YES;
				CLANG_WARN_SUSPICIOUS_MOVES = YES;
				CLANG_WARN_UNREACHABLE_CODE = YES;
				CLANG_WARN__DUPLICATE_METHOD_MATCH = YES;
				"CODE_SIGN_IDENTITY[sdk=iphoneos*]" = "iPhone Developer";
				COPY_PHASE_STRIP = NO;
				DEBUG_INFORMATION_FORMAT = dwarf;
				ENABLE_STRICT_OBJC_MSGSEND = YES;
				ENABLE_TESTABILITY = YES;
				GCC_C_LANGUAGE_STANDARD = gnu99;
				GCC_DYNAMIC_NO_PIC = NO;
				GCC_NO_COMMON_BLOCKS = YES;
				GCC_OPTIMIZATION_LEVEL = 0;
				GCC_PREPROCESSOR_DEFINITIONS = (
					"DEBUG=1",
					"$(inherited)",
				);
				GCC_WARN_64_TO_32_BIT_CONVERSION = YES;
				GCC_WARN_ABOUT_RETURN_TYPE = YES_ERROR;
				GCC_WARN_UNDECLARED_SELECTOR = YES;
				GCC_WARN_UNINITIALIZED_AUTOS = YES_AGGRESSIVE;
				GCC_WARN_UNUSED_FUNCTION = YES;
				GCC_WARN_UNUSED_VARIABLE = YES;
				IPHONEOS_DEPLOYMENT_TARGET = 9.0;
				MTL_ENABLE_DEBUG_INFO = YES;
				ONLY_ACTIVE_ARCH = YES;
				OTHER_SWIFT_FLAGS = "-DDEBUG";
				SDKROOT = iphoneos;
				SWIFT_ACTIVE_COMPILATION_CONDITIONS = DEBUG;
				SWIFT_OPTIMIZATION_LEVEL = "-Onone";
			};
			name = Debug;
		};
		A57EFEB21E3E06D300B66701 /* Release */ = {
			isa = XCBuildConfiguration;
			buildSettings = {
				ALWAYS_SEARCH_USER_PATHS = NO;
				CLANG_ANALYZER_NONNULL = YES;
				CLANG_CXX_LANGUAGE_STANDARD = "gnu++0x";
				CLANG_CXX_LIBRARY = "libc++";
				CLANG_ENABLE_MODULES = YES;
				CLANG_ENABLE_OBJC_ARC = YES;
				CLANG_WARN_BOOL_CONVERSION = YES;
				CLANG_WARN_CONSTANT_CONVERSION = YES;
				CLANG_WARN_DIRECT_OBJC_ISA_USAGE = YES_ERROR;
				CLANG_WARN_DOCUMENTATION_COMMENTS = YES;
				CLANG_WARN_EMPTY_BODY = YES;
				CLANG_WARN_ENUM_CONVERSION = YES;
				CLANG_WARN_INFINITE_RECURSION = YES;
				CLANG_WARN_INT_CONVERSION = YES;
				CLANG_WARN_OBJC_ROOT_CLASS = YES_ERROR;
				CLANG_WARN_SUSPICIOUS_MOVE = YES;
				CLANG_WARN_SUSPICIOUS_MOVES = YES;
				CLANG_WARN_UNREACHABLE_CODE = YES;
				CLANG_WARN__DUPLICATE_METHOD_MATCH = YES;
				"CODE_SIGN_IDENTITY[sdk=iphoneos*]" = "iPhone Developer";
				COPY_PHASE_STRIP = NO;
				DEBUG_INFORMATION_FORMAT = "dwarf-with-dsym";
				ENABLE_NS_ASSERTIONS = NO;
				ENABLE_STRICT_OBJC_MSGSEND = YES;
				GCC_C_LANGUAGE_STANDARD = gnu99;
				GCC_NO_COMMON_BLOCKS = YES;
				GCC_WARN_64_TO_32_BIT_CONVERSION = YES;
				GCC_WARN_ABOUT_RETURN_TYPE = YES_ERROR;
				GCC_WARN_UNDECLARED_SELECTOR = YES;
				GCC_WARN_UNINITIALIZED_AUTOS = YES_AGGRESSIVE;
				GCC_WARN_UNUSED_FUNCTION = YES;
				GCC_WARN_UNUSED_VARIABLE = YES;
				IPHONEOS_DEPLOYMENT_TARGET = 9.0;
				MTL_ENABLE_DEBUG_INFO = NO;
				SDKROOT = iphoneos;
				SWIFT_OPTIMIZATION_LEVEL = "-Owholemodule";
				VALIDATE_PRODUCT = YES;
			};
			name = Release;
		};
		A57EFEB41E3E06D300B66701 /* Debug */ = {
			isa = XCBuildConfiguration;
			baseConfigurationReference = F75ECE3546ED4778637DAC93 /* Pods-Eiger.debug.xcconfig */;
			buildSettings = {
				ASSETCATALOG_COMPILER_APPICON_NAME = AppIcon;
				CLANG_ENABLE_MODULES = YES;
				DEVELOPMENT_TEAM = NBF83W557A;
				INFOPLIST_FILE = Eiger/Info.plist;
				LD_RUNPATH_SEARCH_PATHS = "$(inherited) @executable_path/Frameworks";
				PRODUCT_BUNDLE_IDENTIFIER = com.eifaniori.Eiger;
				PRODUCT_NAME = "$(TARGET_NAME)";
				SWIFT_OBJC_BRIDGING_HEADER = "Eiger/Eiger-Bridging-Header.h";
				SWIFT_OPTIMIZATION_LEVEL = "-Onone";
				SWIFT_VERSION = 3.0.1;
			};
			name = Debug;
		};
		A57EFEB51E3E06D300B66701 /* Release */ = {
			isa = XCBuildConfiguration;
			baseConfigurationReference = 1295D5195CBCC3B4AD027352 /* Pods-Eiger.release.xcconfig */;
			buildSettings = {
				ASSETCATALOG_COMPILER_APPICON_NAME = AppIcon;
				CLANG_ENABLE_MODULES = YES;
				DEVELOPMENT_TEAM = NBF83W557A;
				INFOPLIST_FILE = Eiger/Info.plist;
				LD_RUNPATH_SEARCH_PATHS = "$(inherited) @executable_path/Frameworks";
				PRODUCT_BUNDLE_IDENTIFIER = com.eifaniori.Eiger;
				PRODUCT_NAME = "$(TARGET_NAME)";
				SWIFT_OBJC_BRIDGING_HEADER = "Eiger/Eiger-Bridging-Header.h";
				SWIFT_VERSION = 3.0.1;
			};
			name = Release;
		};
/* End XCBuildConfiguration section */

/* Begin XCConfigurationList section */
		A57EFE9C1E3E06D300B66701 /* Build configuration list for PBXProject "Eiger" */ = {
			isa = XCConfigurationList;
			buildConfigurations = (
				A57EFEB11E3E06D300B66701 /* Debug */,
				A57EFEB21E3E06D300B66701 /* Release */,
			);
			defaultConfigurationIsVisible = 0;
			defaultConfigurationName = Release;
		};
		A57EFEB31E3E06D300B66701 /* Build configuration list for PBXNativeTarget "Eiger" */ = {
			isa = XCConfigurationList;
			buildConfigurations = (
				A57EFEB41E3E06D300B66701 /* Debug */,
				A57EFEB51E3E06D300B66701 /* Release */,
			);
			defaultConfigurationIsVisible = 0;
			defaultConfigurationName = Release;
		};
/* End XCConfigurationList section */
	};
	rootObject = A57EFE991E3E06D300B66701 /* Project object */;
}
