// !$*UTF8*$!
{
	archiveVersion = 1;
	classes = {
	};
	objectVersion = 46;
	objects = {

/* Begin PBXBuildFile section */
		A5223EE61F1F8EA20097E793 /* AppDelegate.swift in Sources */ = {isa = PBXBuildFile; fileRef = A5223E8C1F1F8EA20097E793 /* AppDelegate.swift */; };
		A5223EE71F1F8EA20097E793 /* Assets.xcassets in Resources */ = {isa = PBXBuildFile; fileRef = A5223E8D1F1F8EA20097E793 /* Assets.xcassets */; };
		A5223EE81F1F8EA20097E793 /* EGApplication.swift in Sources */ = {isa = PBXBuildFile; fileRef = A5223E8E1F1F8EA20097E793 /* EGApplication.swift */; };
		A5223EE91F1F8EA20097E793 /* Info.plist in Resources */ = {isa = PBXBuildFile; fileRef = A5223E8F1F1F8EA20097E793 /* Info.plist */; };
		A5223EEA1F1F8EA20097E793 /* LaunchScreen.storyboard in Resources */ = {isa = PBXBuildFile; fileRef = A5223E901F1F8EA20097E793 /* LaunchScreen.storyboard */; };
		A5223EEB1F1F8EA20097E793 /* CacheHelper.swift in Sources */ = {isa = PBXBuildFile; fileRef = A5223E931F1F8EA20097E793 /* CacheHelper.swift */; };
		A5223EEC1F1F8EA20097E793 /* CommonDao.swift in Sources */ = {isa = PBXBuildFile; fileRef = A5223E941F1F8EA20097E793 /* CommonDao.swift */; };
		A5223EED1F1F8EA20097E793 /* AppConst.swift in Sources */ = {isa = PBXBuildFile; fileRef = A5223E961F1F8EA20097E793 /* AppConst.swift */; };
		A5223EEE1F1F8EA20097E793 /* DeviceConst.swift in Sources */ = {isa = PBXBuildFile; fileRef = A5223E971F1F8EA20097E793 /* DeviceConst.swift */; };
		A5223EEF1F1F8EA20097E793 /* CGPoint+Extend.swift in Sources */ = {isa = PBXBuildFile; fileRef = A5223E991F1F8EA20097E793 /* CGPoint+Extend.swift */; };
		A5223EF01F1F8EA20097E793 /* Collection+Extend.swift in Sources */ = {isa = PBXBuildFile; fileRef = A5223E9A1F1F8EA20097E793 /* Collection+Extend.swift */; };
		A5223EF11F1F8EA20097E793 /* Dictionary+Extend.swift in Sources */ = {isa = PBXBuildFile; fileRef = A5223E9B1F1F8EA20097E793 /* Dictionary+Extend.swift */; };
		A5223EF21F1F8EA20097E793 /* DispatchQueue+Extend.swift in Sources */ = {isa = PBXBuildFile; fileRef = A5223E9C1F1F8EA20097E793 /* DispatchQueue+Extend.swift */; };
		A5223EF31F1F8EA20097E793 /* Double+Extend.swift in Sources */ = {isa = PBXBuildFile; fileRef = A5223E9D1F1F8EA20097E793 /* Double+Extend.swift */; };
		A5223EF41F1F8EA20097E793 /* Int+Extend.swift in Sources */ = {isa = PBXBuildFile; fileRef = A5223E9E1F1F8EA20097E793 /* Int+Extend.swift */; };
		A5223EF51F1F8EA20097E793 /* NSNotification+Extend.swift in Sources */ = {isa = PBXBuildFile; fileRef = A5223E9F1F1F8EA20097E793 /* NSNotification+Extend.swift */; };
		A5223EF61F1F8EA20097E793 /* NSObject+Extend.swift in Sources */ = {isa = PBXBuildFile; fileRef = A5223EA01F1F8EA20097E793 /* NSObject+Extend.swift */; };
		A5223EF71F1F8EA20097E793 /* Optional+Extend.swift in Sources */ = {isa = PBXBuildFile; fileRef = A5223EA11F1F8EA20097E793 /* Optional+Extend.swift */; };
		A5223EF81F1F8EA20097E793 /* String+Extend.swift in Sources */ = {isa = PBXBuildFile; fileRef = A5223EA21F1F8EA20097E793 /* String+Extend.swift */; };
		A5223EF91F1F8EA20097E793 /* UIButton+Extend.swift in Sources */ = {isa = PBXBuildFile; fileRef = A5223EA31F1F8EA20097E793 /* UIButton+Extend.swift */; };
		A5223EFA1F1F8EA20097E793 /* UIColor+Extend.swift in Sources */ = {isa = PBXBuildFile; fileRef = A5223EA41F1F8EA20097E793 /* UIColor+Extend.swift */; };
		A5223EFB1F1F8EA20097E793 /* UIImage+Extend.swift in Sources */ = {isa = PBXBuildFile; fileRef = A5223EA51F1F8EA20097E793 /* UIImage+Extend.swift */; };
		A5223EFC1F1F8EA20097E793 /* UIScrollView+Extend.swift in Sources */ = {isa = PBXBuildFile; fileRef = A5223EA61F1F8EA20097E793 /* UIScrollView+Extend.swift */; };
		A5223EFD1F1F8EA20097E793 /* UIView+Extend.swift in Sources */ = {isa = PBXBuildFile; fileRef = A5223EA71F1F8EA20097E793 /* UIView+Extend.swift */; };
		A5223EFE1F1F8EA20097E793 /* CircleView.swift in Sources */ = {isa = PBXBuildFile; fileRef = A5223EA91F1F8EA20097E793 /* CircleView.swift */; };
		A5223EFF1F1F8EA20097E793 /* EnumEnumerable.swift in Sources */ = {isa = PBXBuildFile; fileRef = A5223EAA1F1F8EA20097E793 /* EnumEnumerable.swift */; };
		A5223F001F1F8EA20097E793 /* ShadowView.swift in Sources */ = {isa = PBXBuildFile; fileRef = A5223EAB1F1F8EA20097E793 /* ShadowView.swift */; };
		A5223F011F1F8EA20097E793 /* RealmHelper.swift in Sources */ = {isa = PBXBuildFile; fileRef = A5223EAC1F1F8EA20097E793 /* RealmHelper.swift */; };
		A5223F021F1F8EA20097E793 /* Util.swift in Sources */ = {isa = PBXBuildFile; fileRef = A5223EAD1F1F8EA20097E793 /* Util.swift */; };
		A5223F031F1F8EA20097E793 /* CommonHistoryItem.swift in Sources */ = {isa = PBXBuildFile; fileRef = A5223EB01F1F8EA20097E793 /* CommonHistoryItem.swift */; };
		A5223F041F1F8EA20097E793 /* HistoryItem.swift in Sources */ = {isa = PBXBuildFile; fileRef = A5223EB11F1F8EA20097E793 /* HistoryItem.swift */; };
		A5223F051F1F8EA20097E793 /* OptionMenuItem.swift in Sources */ = {isa = PBXBuildFile; fileRef = A5223EB21F1F8EA20097E793 /* OptionMenuItem.swift */; };
		A5223F061F1F8EA20097E793 /* ThumbnailItem.swift in Sources */ = {isa = PBXBuildFile; fileRef = A5223EB31F1F8EA20097E793 /* ThumbnailItem.swift */; };
		A5223F071F1F8EA20097E793 /* Favorite.swift in Sources */ = {isa = PBXBuildFile; fileRef = A5223EB51F1F8EA20097E793 /* Favorite.swift */; };
		A5223F081F1F8EA20097E793 /* Form.swift in Sources */ = {isa = PBXBuildFile; fileRef = A5223EB61F1F8EA20097E793 /* Form.swift */; };
		A5223F091F1F8EA20097E793 /* authorize.html in Resources */ = {isa = PBXBuildFile; fileRef = A5223EB81F1F8EA20097E793 /* authorize.html */; };
		A5223F0A1F1F8EA20097E793 /* dns.html in Resources */ = {isa = PBXBuildFile; fileRef = A5223EB91F1F8EA20097E793 /* dns.html */; };
		A5223F0B1F1F8EA20097E793 /* invalid.html in Resources */ = {isa = PBXBuildFile; fileRef = A5223EBA1F1F8EA20097E793 /* invalid.html */; };
		A5223F0C1F1F8EA20097E793 /* offline.html in Resources */ = {isa = PBXBuildFile; fileRef = A5223EBB1F1F8EA20097E793 /* offline.html */; };
		A5223F0D1F1F8EA20097E793 /* timeout.html in Resources */ = {isa = PBXBuildFile; fileRef = A5223EBC1F1F8EA20097E793 /* timeout.html */; };
		A5223F0E1F1F8EA20097E793 /* BaseViewController.swift in Sources */ = {isa = PBXBuildFile; fileRef = A5223EBE1F1F8EA20097E793 /* BaseViewController.swift */; };
		A5223F0F1F1F8EA20097E793 /* BaseViewModel.swift in Sources */ = {isa = PBXBuildFile; fileRef = A5223EC11F1F8EA20097E793 /* BaseViewModel.swift */; };
		A5223F101F1F8EA20097E793 /* FooterViewModel.swift in Sources */ = {isa = PBXBuildFile; fileRef = A5223EC21F1F8EA20097E793 /* FooterViewModel.swift */; };
		A5223F111F1F8EA20097E793 /* HeaderViewModel.swift in Sources */ = {isa = PBXBuildFile; fileRef = A5223EC31F1F8EA20097E793 /* HeaderViewModel.swift */; };
		A5223F121F1F8EA20097E793 /* BaseMenuViewModel.swift in Sources */ = {isa = PBXBuildFile; fileRef = A5223EC51F1F8EA20097E793 /* BaseMenuViewModel.swift */; };
		A5223F131F1F8EA20097E793 /* FavoriteMenuViewModel.swift in Sources */ = {isa = PBXBuildFile; fileRef = A5223EC61F1F8EA20097E793 /* FavoriteMenuViewModel.swift */; };
		A5223F141F1F8EA20097E793 /* FormMenuViewModel.swift in Sources */ = {isa = PBXBuildFile; fileRef = A5223EC71F1F8EA20097E793 /* FormMenuViewModel.swift */; };
		A5223F151F1F8EA20097E793 /* HistoryMenuViewModel.swift in Sources */ = {isa = PBXBuildFile; fileRef = A5223EC81F1F8EA20097E793 /* HistoryMenuViewModel.swift */; };
		A5223F161F1F8EA20097E793 /* OptionMenuTableViewModel.swift in Sources */ = {isa = PBXBuildFile; fileRef = A5223EC91F1F8EA20097E793 /* OptionMenuTableViewModel.swift */; };
		A5223F171F1F8EA20097E793 /* SettingMenuViewModel.swift in Sources */ = {isa = PBXBuildFile; fileRef = A5223ECA1F1F8EA20097E793 /* SettingMenuViewModel.swift */; };
		A5223F181F1F8EA20097E793 /* BaseLayer.swift in Sources */ = {isa = PBXBuildFile; fileRef = A5223ECD1F1F8EA20097E793 /* BaseLayer.swift */; };
		A5223F191F1F8EA20097E793 /* BaseView.swift in Sources */ = {isa = PBXBuildFile; fileRef = A5223ECF1F1F8EA20097E793 /* BaseView.swift */; };
		A5223F1A1F1F8EA20097E793 /* EGWebView.swift in Sources */ = {isa = PBXBuildFile; fileRef = A5223ED01F1F8EA20097E793 /* EGWebView.swift */; };
		A5223F1B1F1F8EA20097E793 /* SearchMenuTableView.swift in Sources */ = {isa = PBXBuildFile; fileRef = A5223ED11F1F8EA20097E793 /* SearchMenuTableView.swift */; };
		A5223F1C1F1F8EA20097E793 /* FooterView.swift in Sources */ = {isa = PBXBuildFile; fileRef = A5223ED31F1F8EA20097E793 /* FooterView.swift */; };
		A5223F1E1F1F8EA20097E793 /* Thumbnail.swift in Sources */ = {isa = PBXBuildFile; fileRef = A5223ED51F1F8EA20097E793 /* Thumbnail.swift */; };
		A5223F1F1F1F8EA20097E793 /* EGGradientLabel.swift in Sources */ = {isa = PBXBuildFile; fileRef = A5223ED71F1F8EA20097E793 /* EGGradientLabel.swift */; };
		A5223F201F1F8EA20097E793 /* EGProgressBar.swift in Sources */ = {isa = PBXBuildFile; fileRef = A5223ED81F1F8EA20097E793 /* EGProgressBar.swift */; };
		A5223F211F1F8EA20097E793 /* HeaderField.swift in Sources */ = {isa = PBXBuildFile; fileRef = A5223ED91F1F8EA20097E793 /* HeaderField.swift */; };
		A5223F221F1F8EA20097E793 /* HeaderView.swift in Sources */ = {isa = PBXBuildFile; fileRef = A5223EDA1F1F8EA20097E793 /* HeaderView.swift */; };
		A5223F231F1F8EA20097E793 /* CircleMenu.swift in Sources */ = {isa = PBXBuildFile; fileRef = A5223EDD1F1F8EA20097E793 /* CircleMenu.swift */; };
		A5223F241F1F8EA20097E793 /* CircleMenuItem.swift in Sources */ = {isa = PBXBuildFile; fileRef = A5223EDE1F1F8EA20097E793 /* CircleMenuItem.swift */; };
		A5223F251F1F8EA20097E793 /* CircleProgress.swift in Sources */ = {isa = PBXBuildFile; fileRef = A5223EDF1F1F8EA20097E793 /* CircleProgress.swift */; };
		A5223F261F1F8EA20097E793 /* FrontLayer.swift in Sources */ = {isa = PBXBuildFile; fileRef = A5223EE01F1F8EA20097E793 /* FrontLayer.swift */; };
		A5223F271F1F8EA20097E793 /* OptionMenuTableView.swift in Sources */ = {isa = PBXBuildFile; fileRef = A5223EE21F1F8EA20097E793 /* OptionMenuTableView.swift */; };
		A5223F281F1F8EA20097E793 /* OptionMenuTableViewCell.swift in Sources */ = {isa = PBXBuildFile; fileRef = A5223EE31F1F8EA20097E793 /* OptionMenuTableViewCell.swift */; };
		A5223F2A1F1F8EA20097E793 /* OptionMenuTextField.swift in Sources */ = {isa = PBXBuildFile; fileRef = A5223EE51F1F8EA20097E793 /* OptionMenuTextField.swift */; };
		A545D70A1F30B6B50023C160 /* Array+Extend.swift in Sources */ = {isa = PBXBuildFile; fileRef = A545D7091F30B6B50023C160 /* Array+Extend.swift */; };
		A545D70C1F30B6F20023C160 /* SearchHistoryItem.swift in Sources */ = {isa = PBXBuildFile; fileRef = A545D70B1F30B6F20023C160 /* SearchHistoryItem.swift */; };
		A545D70E1F30B70A0023C160 /* SearchMenuTableViewModel.swift in Sources */ = {isa = PBXBuildFile; fileRef = A545D70D1F30B70A0023C160 /* SearchMenuTableViewModel.swift */; };
		A545D7101F30B7390023C160 /* SearchMenuTableViewCell.swift in Sources */ = {isa = PBXBuildFile; fileRef = A545D70F1F30B7390023C160 /* SearchMenuTableViewCell.swift */; };
		A545D7131F320C7D0023C160 /* SuggestGetApiResponse.swift in Sources */ = {isa = PBXBuildFile; fileRef = A545D7121F320C7D0023C160 /* SuggestGetApiResponse.swift */; };
		A545D7151F320CA70023C160 /* HttpConst.swift in Sources */ = {isa = PBXBuildFile; fileRef = A545D7141F320CA70023C160 /* HttpConst.swift */; };
		A545D71E1F320D790023C160 /* ApiManager.swift in Sources */ = {isa = PBXBuildFile; fileRef = A545D71C1F320D790023C160 /* ApiManager.swift */; };
		A545D71F1F320D790023C160 /* SuggestGetApiRequestExecuter.swift in Sources */ = {isa = PBXBuildFile; fileRef = A545D71D1F320D790023C160 /* SuggestGetApiRequestExecuter.swift */; };
		A554E4511F71630B00C8281D /* NotificationManager.swift in Sources */ = {isa = PBXBuildFile; fileRef = A554E4501F71630B00C8281D /* NotificationManager.swift */; };
		A565ED031F24D629005740E3 /* UIImageView+Extend.swift in Sources */ = {isa = PBXBuildFile; fileRef = A565ED021F24D629005740E3 /* UIImageView+Extend.swift */; };
		A565ED051F27536E005740E3 /* OnceExec.swift in Sources */ = {isa = PBXBuildFile; fileRef = A565ED041F27536E005740E3 /* OnceExec.swift */; };
		A5A6F2C61F1F92DD00A4620C /* R.generated.swift in Sources */ = {isa = PBXBuildFile; fileRef = A5A6F2C51F1F92DD00A4620C /* R.generated.swift */; };
		A5C1FDAE1F48A0250048E711 /* HelpMenuViewModel.swift in Sources */ = {isa = PBXBuildFile; fileRef = A5C1FDAD1F48A0250048E711 /* HelpMenuViewModel.swift */; };
		A5C1FDB31F48B1E60048E711 /* HelpViewController.swift in Sources */ = {isa = PBXBuildFile; fileRef = A5C1FDB11F48B1E60048E711 /* HelpViewController.swift */; };
		A5C1FDB41F48B1E60048E711 /* HelpViewController.xib in Resources */ = {isa = PBXBuildFile; fileRef = A5C1FDB21F48B1E60048E711 /* HelpViewController.xib */; };
		A5C427AE1F7B1ADD00BBAB8F /* EncryptHelper.swift in Sources */ = {isa = PBXBuildFile; fileRef = A5C427AD1F7B1ADD00BBAB8F /* EncryptHelper.swift */; };
		A5C427B01F7C6CD200BBAB8F /* KeyChainHelper.swift in Sources */ = {isa = PBXBuildFile; fileRef = A5C427AF1F7C6CD200BBAB8F /* KeyChainHelper.swift */; };
		A5C427B21F7C6CED00BBAB8F /* Data+Extension.swift in Sources */ = {isa = PBXBuildFile; fileRef = A5C427B11F7C6CED00BBAB8F /* Data+Extension.swift */; };
		A5D775151F5D87E0000A53E6 /* SplashViewController.swift in Sources */ = {isa = PBXBuildFile; fileRef = A5D775131F5D87E0000A53E6 /* SplashViewController.swift */; };
		A5D775161F5D87E0000A53E6 /* SplashViewController.xib in Resources */ = {isa = PBXBuildFile; fileRef = A5D775141F5D87E0000A53E6 /* SplashViewController.xib */; };
		A9872C50D89BD4A2A7B139E5 /* Pods_Qas.framework in Frameworks */ = {isa = PBXBuildFile; fileRef = 9C0BE15CF6C9081CD7431C45 /* Pods_Qas.framework */; };
/* End PBXBuildFile section */

/* Begin PBXFileReference section */
		42C12585ED85520E5C6B12C1 /* Pods-Qas.debug.xcconfig */ = {isa = PBXFileReference; includeInIndex = 1; lastKnownFileType = text.xcconfig; name = "Pods-Qas.debug.xcconfig"; path = "Pods/Target Support Files/Pods-Qas/Pods-Qas.debug.xcconfig"; sourceTree = "<group>"; };
		51C114ABBF1F1B2A8CDC9EB4 /* Pods-Qas.release.xcconfig */ = {isa = PBXFileReference; includeInIndex = 1; lastKnownFileType = text.xcconfig; name = "Pods-Qas.release.xcconfig"; path = "Pods/Target Support Files/Pods-Qas/Pods-Qas.release.xcconfig"; sourceTree = "<group>"; };
		615FE5E3DFBC7266C29F3D82 /* Pods_Weasel.framework */ = {isa = PBXFileReference; explicitFileType = wrapper.framework; includeInIndex = 0; path = Pods_Weasel.framework; sourceTree = BUILT_PRODUCTS_DIR; };
		9C0BE15CF6C9081CD7431C45 /* Pods_Qas.framework */ = {isa = PBXFileReference; explicitFileType = wrapper.framework; includeInIndex = 0; path = Pods_Qas.framework; sourceTree = BUILT_PRODUCTS_DIR; };
		A5223E8C1F1F8EA20097E793 /* AppDelegate.swift */ = {isa = PBXFileReference; fileEncoding = 4; lastKnownFileType = sourcecode.swift; path = AppDelegate.swift; sourceTree = "<group>"; };
		A5223E8D1F1F8EA20097E793 /* Assets.xcassets */ = {isa = PBXFileReference; lastKnownFileType = folder.assetcatalog; path = Assets.xcassets; sourceTree = "<group>"; };
		A5223E8E1F1F8EA20097E793 /* EGApplication.swift */ = {isa = PBXFileReference; fileEncoding = 4; lastKnownFileType = sourcecode.swift; path = EGApplication.swift; sourceTree = "<group>"; };
		A5223E8F1F1F8EA20097E793 /* Info.plist */ = {isa = PBXFileReference; fileEncoding = 4; lastKnownFileType = text.plist.xml; path = Info.plist; sourceTree = "<group>"; };
		A5223E911F1F8EA20097E793 /* Base */ = {isa = PBXFileReference; lastKnownFileType = file.storyboard; name = Base; path = Base.lproj/LaunchScreen.storyboard; sourceTree = "<group>"; };
		A5223E931F1F8EA20097E793 /* CacheHelper.swift */ = {isa = PBXFileReference; fileEncoding = 4; lastKnownFileType = sourcecode.swift; path = CacheHelper.swift; sourceTree = "<group>"; };
		A5223E941F1F8EA20097E793 /* CommonDao.swift */ = {isa = PBXFileReference; fileEncoding = 4; lastKnownFileType = sourcecode.swift; path = CommonDao.swift; sourceTree = "<group>"; };
		A5223E961F1F8EA20097E793 /* AppConst.swift */ = {isa = PBXFileReference; fileEncoding = 4; lastKnownFileType = sourcecode.swift; path = AppConst.swift; sourceTree = "<group>"; };
		A5223E971F1F8EA20097E793 /* DeviceConst.swift */ = {isa = PBXFileReference; fileEncoding = 4; lastKnownFileType = sourcecode.swift; path = DeviceConst.swift; sourceTree = "<group>"; };
		A5223E991F1F8EA20097E793 /* CGPoint+Extend.swift */ = {isa = PBXFileReference; fileEncoding = 4; lastKnownFileType = sourcecode.swift; path = "CGPoint+Extend.swift"; sourceTree = "<group>"; };
		A5223E9A1F1F8EA20097E793 /* Collection+Extend.swift */ = {isa = PBXFileReference; fileEncoding = 4; lastKnownFileType = sourcecode.swift; path = "Collection+Extend.swift"; sourceTree = "<group>"; };
		A5223E9B1F1F8EA20097E793 /* Dictionary+Extend.swift */ = {isa = PBXFileReference; fileEncoding = 4; lastKnownFileType = sourcecode.swift; path = "Dictionary+Extend.swift"; sourceTree = "<group>"; };
		A5223E9C1F1F8EA20097E793 /* DispatchQueue+Extend.swift */ = {isa = PBXFileReference; fileEncoding = 4; lastKnownFileType = sourcecode.swift; path = "DispatchQueue+Extend.swift"; sourceTree = "<group>"; };
		A5223E9D1F1F8EA20097E793 /* Double+Extend.swift */ = {isa = PBXFileReference; fileEncoding = 4; lastKnownFileType = sourcecode.swift; path = "Double+Extend.swift"; sourceTree = "<group>"; };
		A5223E9E1F1F8EA20097E793 /* Int+Extend.swift */ = {isa = PBXFileReference; fileEncoding = 4; lastKnownFileType = sourcecode.swift; path = "Int+Extend.swift"; sourceTree = "<group>"; };
		A5223E9F1F1F8EA20097E793 /* NSNotification+Extend.swift */ = {isa = PBXFileReference; fileEncoding = 4; lastKnownFileType = sourcecode.swift; path = "NSNotification+Extend.swift"; sourceTree = "<group>"; };
		A5223EA01F1F8EA20097E793 /* NSObject+Extend.swift */ = {isa = PBXFileReference; fileEncoding = 4; lastKnownFileType = sourcecode.swift; path = "NSObject+Extend.swift"; sourceTree = "<group>"; };
		A5223EA11F1F8EA20097E793 /* Optional+Extend.swift */ = {isa = PBXFileReference; fileEncoding = 4; lastKnownFileType = sourcecode.swift; path = "Optional+Extend.swift"; sourceTree = "<group>"; };
		A5223EA21F1F8EA20097E793 /* String+Extend.swift */ = {isa = PBXFileReference; fileEncoding = 4; lastKnownFileType = sourcecode.swift; path = "String+Extend.swift"; sourceTree = "<group>"; };
		A5223EA31F1F8EA20097E793 /* UIButton+Extend.swift */ = {isa = PBXFileReference; fileEncoding = 4; lastKnownFileType = sourcecode.swift; path = "UIButton+Extend.swift"; sourceTree = "<group>"; };
		A5223EA41F1F8EA20097E793 /* UIColor+Extend.swift */ = {isa = PBXFileReference; fileEncoding = 4; lastKnownFileType = sourcecode.swift; path = "UIColor+Extend.swift"; sourceTree = "<group>"; };
		A5223EA51F1F8EA20097E793 /* UIImage+Extend.swift */ = {isa = PBXFileReference; fileEncoding = 4; lastKnownFileType = sourcecode.swift; path = "UIImage+Extend.swift"; sourceTree = "<group>"; };
		A5223EA61F1F8EA20097E793 /* UIScrollView+Extend.swift */ = {isa = PBXFileReference; fileEncoding = 4; lastKnownFileType = sourcecode.swift; path = "UIScrollView+Extend.swift"; sourceTree = "<group>"; };
		A5223EA71F1F8EA20097E793 /* UIView+Extend.swift */ = {isa = PBXFileReference; fileEncoding = 4; lastKnownFileType = sourcecode.swift; path = "UIView+Extend.swift"; sourceTree = "<group>"; };
		A5223EA91F1F8EA20097E793 /* CircleView.swift */ = {isa = PBXFileReference; fileEncoding = 4; lastKnownFileType = sourcecode.swift; path = CircleView.swift; sourceTree = "<group>"; };
		A5223EAA1F1F8EA20097E793 /* EnumEnumerable.swift */ = {isa = PBXFileReference; fileEncoding = 4; lastKnownFileType = sourcecode.swift; path = EnumEnumerable.swift; sourceTree = "<group>"; };
		A5223EAB1F1F8EA20097E793 /* ShadowView.swift */ = {isa = PBXFileReference; fileEncoding = 4; lastKnownFileType = sourcecode.swift; path = ShadowView.swift; sourceTree = "<group>"; };
		A5223EAC1F1F8EA20097E793 /* RealmHelper.swift */ = {isa = PBXFileReference; fileEncoding = 4; lastKnownFileType = sourcecode.swift; path = RealmHelper.swift; sourceTree = "<group>"; };
		A5223EAD1F1F8EA20097E793 /* Util.swift */ = {isa = PBXFileReference; fileEncoding = 4; lastKnownFileType = sourcecode.swift; path = Util.swift; sourceTree = "<group>"; };
		A5223EB01F1F8EA20097E793 /* CommonHistoryItem.swift */ = {isa = PBXFileReference; fileEncoding = 4; lastKnownFileType = sourcecode.swift; path = CommonHistoryItem.swift; sourceTree = "<group>"; };
		A5223EB11F1F8EA20097E793 /* HistoryItem.swift */ = {isa = PBXFileReference; fileEncoding = 4; lastKnownFileType = sourcecode.swift; path = HistoryItem.swift; sourceTree = "<group>"; };
		A5223EB21F1F8EA20097E793 /* OptionMenuItem.swift */ = {isa = PBXFileReference; fileEncoding = 4; lastKnownFileType = sourcecode.swift; path = OptionMenuItem.swift; sourceTree = "<group>"; };
		A5223EB31F1F8EA20097E793 /* ThumbnailItem.swift */ = {isa = PBXFileReference; fileEncoding = 4; lastKnownFileType = sourcecode.swift; path = ThumbnailItem.swift; sourceTree = "<group>"; };
		A5223EB51F1F8EA20097E793 /* Favorite.swift */ = {isa = PBXFileReference; fileEncoding = 4; lastKnownFileType = sourcecode.swift; path = Favorite.swift; sourceTree = "<group>"; };
		A5223EB61F1F8EA20097E793 /* Form.swift */ = {isa = PBXFileReference; fileEncoding = 4; lastKnownFileType = sourcecode.swift; path = Form.swift; sourceTree = "<group>"; };
		A5223EB81F1F8EA20097E793 /* authorize.html */ = {isa = PBXFileReference; fileEncoding = 4; lastKnownFileType = text.html; path = authorize.html; sourceTree = "<group>"; };
		A5223EB91F1F8EA20097E793 /* dns.html */ = {isa = PBXFileReference; fileEncoding = 4; lastKnownFileType = text.html; path = dns.html; sourceTree = "<group>"; };
		A5223EBA1F1F8EA20097E793 /* invalid.html */ = {isa = PBXFileReference; fileEncoding = 4; lastKnownFileType = text.html; path = invalid.html; sourceTree = "<group>"; };
		A5223EBB1F1F8EA20097E793 /* offline.html */ = {isa = PBXFileReference; fileEncoding = 4; lastKnownFileType = text.html; path = offline.html; sourceTree = "<group>"; };
		A5223EBC1F1F8EA20097E793 /* timeout.html */ = {isa = PBXFileReference; fileEncoding = 4; lastKnownFileType = text.html; path = timeout.html; sourceTree = "<group>"; };
		A5223EBE1F1F8EA20097E793 /* BaseViewController.swift */ = {isa = PBXFileReference; fileEncoding = 4; lastKnownFileType = sourcecode.swift; path = BaseViewController.swift; sourceTree = "<group>"; };
		A5223EC11F1F8EA20097E793 /* BaseViewModel.swift */ = {isa = PBXFileReference; fileEncoding = 4; lastKnownFileType = sourcecode.swift; path = BaseViewModel.swift; sourceTree = "<group>"; };
		A5223EC21F1F8EA20097E793 /* FooterViewModel.swift */ = {isa = PBXFileReference; fileEncoding = 4; lastKnownFileType = sourcecode.swift; path = FooterViewModel.swift; sourceTree = "<group>"; };
		A5223EC31F1F8EA20097E793 /* HeaderViewModel.swift */ = {isa = PBXFileReference; fileEncoding = 4; lastKnownFileType = sourcecode.swift; path = HeaderViewModel.swift; sourceTree = "<group>"; };
		A5223EC51F1F8EA20097E793 /* BaseMenuViewModel.swift */ = {isa = PBXFileReference; fileEncoding = 4; lastKnownFileType = sourcecode.swift; path = BaseMenuViewModel.swift; sourceTree = "<group>"; };
		A5223EC61F1F8EA20097E793 /* FavoriteMenuViewModel.swift */ = {isa = PBXFileReference; fileEncoding = 4; lastKnownFileType = sourcecode.swift; path = FavoriteMenuViewModel.swift; sourceTree = "<group>"; };
		A5223EC71F1F8EA20097E793 /* FormMenuViewModel.swift */ = {isa = PBXFileReference; fileEncoding = 4; lastKnownFileType = sourcecode.swift; path = FormMenuViewModel.swift; sourceTree = "<group>"; };
		A5223EC81F1F8EA20097E793 /* HistoryMenuViewModel.swift */ = {isa = PBXFileReference; fileEncoding = 4; lastKnownFileType = sourcecode.swift; path = HistoryMenuViewModel.swift; sourceTree = "<group>"; };
		A5223EC91F1F8EA20097E793 /* OptionMenuTableViewModel.swift */ = {isa = PBXFileReference; fileEncoding = 4; lastKnownFileType = sourcecode.swift; path = OptionMenuTableViewModel.swift; sourceTree = "<group>"; };
		A5223ECA1F1F8EA20097E793 /* SettingMenuViewModel.swift */ = {isa = PBXFileReference; fileEncoding = 4; lastKnownFileType = sourcecode.swift; path = SettingMenuViewModel.swift; sourceTree = "<group>"; };
		A5223ECD1F1F8EA20097E793 /* BaseLayer.swift */ = {isa = PBXFileReference; fileEncoding = 4; lastKnownFileType = sourcecode.swift; path = BaseLayer.swift; sourceTree = "<group>"; };
		A5223ECF1F1F8EA20097E793 /* BaseView.swift */ = {isa = PBXFileReference; fileEncoding = 4; lastKnownFileType = sourcecode.swift; path = BaseView.swift; sourceTree = "<group>"; };
		A5223ED01F1F8EA20097E793 /* EGWebView.swift */ = {isa = PBXFileReference; fileEncoding = 4; lastKnownFileType = sourcecode.swift; path = EGWebView.swift; sourceTree = "<group>"; };
		A5223ED11F1F8EA20097E793 /* SearchMenuTableView.swift */ = {isa = PBXFileReference; fileEncoding = 4; lastKnownFileType = sourcecode.swift; path = SearchMenuTableView.swift; sourceTree = "<group>"; };
		A5223ED31F1F8EA20097E793 /* FooterView.swift */ = {isa = PBXFileReference; fileEncoding = 4; lastKnownFileType = sourcecode.swift; path = FooterView.swift; sourceTree = "<group>"; };
		A5223ED51F1F8EA20097E793 /* Thumbnail.swift */ = {isa = PBXFileReference; fileEncoding = 4; lastKnownFileType = sourcecode.swift; path = Thumbnail.swift; sourceTree = "<group>"; };
		A5223ED71F1F8EA20097E793 /* EGGradientLabel.swift */ = {isa = PBXFileReference; fileEncoding = 4; lastKnownFileType = sourcecode.swift; path = EGGradientLabel.swift; sourceTree = "<group>"; };
		A5223ED81F1F8EA20097E793 /* EGProgressBar.swift */ = {isa = PBXFileReference; fileEncoding = 4; lastKnownFileType = sourcecode.swift; path = EGProgressBar.swift; sourceTree = "<group>"; };
		A5223ED91F1F8EA20097E793 /* HeaderField.swift */ = {isa = PBXFileReference; fileEncoding = 4; lastKnownFileType = sourcecode.swift; path = HeaderField.swift; sourceTree = "<group>"; };
		A5223EDA1F1F8EA20097E793 /* HeaderView.swift */ = {isa = PBXFileReference; fileEncoding = 4; lastKnownFileType = sourcecode.swift; path = HeaderView.swift; sourceTree = "<group>"; };
		A5223EDD1F1F8EA20097E793 /* CircleMenu.swift */ = {isa = PBXFileReference; fileEncoding = 4; lastKnownFileType = sourcecode.swift; path = CircleMenu.swift; sourceTree = "<group>"; };
		A5223EDE1F1F8EA20097E793 /* CircleMenuItem.swift */ = {isa = PBXFileReference; fileEncoding = 4; lastKnownFileType = sourcecode.swift; path = CircleMenuItem.swift; sourceTree = "<group>"; };
		A5223EDF1F1F8EA20097E793 /* CircleProgress.swift */ = {isa = PBXFileReference; fileEncoding = 4; lastKnownFileType = sourcecode.swift; path = CircleProgress.swift; sourceTree = "<group>"; };
		A5223EE01F1F8EA20097E793 /* FrontLayer.swift */ = {isa = PBXFileReference; fileEncoding = 4; lastKnownFileType = sourcecode.swift; path = FrontLayer.swift; sourceTree = "<group>"; };
		A5223EE21F1F8EA20097E793 /* OptionMenuTableView.swift */ = {isa = PBXFileReference; fileEncoding = 4; lastKnownFileType = sourcecode.swift; path = OptionMenuTableView.swift; sourceTree = "<group>"; };
		A5223EE31F1F8EA20097E793 /* OptionMenuTableViewCell.swift */ = {isa = PBXFileReference; fileEncoding = 4; lastKnownFileType = sourcecode.swift; path = OptionMenuTableViewCell.swift; sourceTree = "<group>"; };
		A5223EE51F1F8EA20097E793 /* OptionMenuTextField.swift */ = {isa = PBXFileReference; fileEncoding = 4; lastKnownFileType = sourcecode.swift; path = OptionMenuTextField.swift; sourceTree = "<group>"; };
		A545D7091F30B6B50023C160 /* Array+Extend.swift */ = {isa = PBXFileReference; fileEncoding = 4; lastKnownFileType = sourcecode.swift; path = "Array+Extend.swift"; sourceTree = "<group>"; };
		A545D70B1F30B6F20023C160 /* SearchHistoryItem.swift */ = {isa = PBXFileReference; fileEncoding = 4; lastKnownFileType = sourcecode.swift; path = SearchHistoryItem.swift; sourceTree = "<group>"; };
		A545D70D1F30B70A0023C160 /* SearchMenuTableViewModel.swift */ = {isa = PBXFileReference; fileEncoding = 4; lastKnownFileType = sourcecode.swift; path = SearchMenuTableViewModel.swift; sourceTree = "<group>"; };
		A545D70F1F30B7390023C160 /* SearchMenuTableViewCell.swift */ = {isa = PBXFileReference; fileEncoding = 4; lastKnownFileType = sourcecode.swift; path = SearchMenuTableViewCell.swift; sourceTree = "<group>"; };
		A545D7121F320C7D0023C160 /* SuggestGetApiResponse.swift */ = {isa = PBXFileReference; fileEncoding = 4; lastKnownFileType = sourcecode.swift; path = SuggestGetApiResponse.swift; sourceTree = "<group>"; };
		A545D7141F320CA70023C160 /* HttpConst.swift */ = {isa = PBXFileReference; fileEncoding = 4; lastKnownFileType = sourcecode.swift; path = HttpConst.swift; sourceTree = "<group>"; };
		A545D71C1F320D790023C160 /* ApiManager.swift */ = {isa = PBXFileReference; fileEncoding = 4; lastKnownFileType = sourcecode.swift; path = ApiManager.swift; sourceTree = "<group>"; };
		A545D71D1F320D790023C160 /* SuggestGetApiRequestExecuter.swift */ = {isa = PBXFileReference; fileEncoding = 4; lastKnownFileType = sourcecode.swift; path = SuggestGetApiRequestExecuter.swift; sourceTree = "<group>"; };
		A554E4501F71630B00C8281D /* NotificationManager.swift */ = {isa = PBXFileReference; fileEncoding = 4; lastKnownFileType = sourcecode.swift; path = NotificationManager.swift; sourceTree = "<group>"; };
		A565ED021F24D629005740E3 /* UIImageView+Extend.swift */ = {isa = PBXFileReference; fileEncoding = 4; lastKnownFileType = sourcecode.swift; path = "UIImageView+Extend.swift"; sourceTree = "<group>"; };
		A565ED041F27536E005740E3 /* OnceExec.swift */ = {isa = PBXFileReference; fileEncoding = 4; lastKnownFileType = sourcecode.swift; path = OnceExec.swift; sourceTree = "<group>"; };
		A57EFEA11E3E06D300B66701 /* Qas.app */ = {isa = PBXFileReference; explicitFileType = wrapper.application; includeInIndex = 0; path = Qas.app; sourceTree = BUILT_PRODUCTS_DIR; };
		A5A6F2C51F1F92DD00A4620C /* R.generated.swift */ = {isa = PBXFileReference; fileEncoding = 4; lastKnownFileType = sourcecode.swift; path = R.generated.swift; sourceTree = "<group>"; };
		A5C1FDAD1F48A0250048E711 /* HelpMenuViewModel.swift */ = {isa = PBXFileReference; fileEncoding = 4; lastKnownFileType = sourcecode.swift; path = HelpMenuViewModel.swift; sourceTree = "<group>"; };
		A5C1FDB11F48B1E60048E711 /* HelpViewController.swift */ = {isa = PBXFileReference; fileEncoding = 4; lastKnownFileType = sourcecode.swift; path = HelpViewController.swift; sourceTree = "<group>"; };
		A5C1FDB21F48B1E60048E711 /* HelpViewController.xib */ = {isa = PBXFileReference; fileEncoding = 4; lastKnownFileType = file.xib; path = HelpViewController.xib; sourceTree = "<group>"; };
		A5C427AD1F7B1ADD00BBAB8F /* EncryptHelper.swift */ = {isa = PBXFileReference; lastKnownFileType = sourcecode.swift; path = EncryptHelper.swift; sourceTree = "<group>"; };
		A5C427AF1F7C6CD200BBAB8F /* KeyChainHelper.swift */ = {isa = PBXFileReference; lastKnownFileType = sourcecode.swift; path = KeyChainHelper.swift; sourceTree = "<group>"; };
		A5C427B11F7C6CED00BBAB8F /* Data+Extension.swift */ = {isa = PBXFileReference; lastKnownFileType = sourcecode.swift; path = "Data+Extension.swift"; sourceTree = "<group>"; };
		A5D775131F5D87E0000A53E6 /* SplashViewController.swift */ = {isa = PBXFileReference; fileEncoding = 4; lastKnownFileType = sourcecode.swift; path = SplashViewController.swift; sourceTree = "<group>"; };
		A5D775141F5D87E0000A53E6 /* SplashViewController.xib */ = {isa = PBXFileReference; fileEncoding = 4; lastKnownFileType = file.xib; path = SplashViewController.xib; sourceTree = "<group>"; };
		DFF4CC3D69BCC19688AED03F /* Pods_Eiger.framework */ = {isa = PBXFileReference; explicitFileType = wrapper.framework; includeInIndex = 0; path = Pods_Eiger.framework; sourceTree = BUILT_PRODUCTS_DIR; };
/* End PBXFileReference section */

/* Begin PBXFrameworksBuildPhase section */
		A57EFE9E1E3E06D300B66701 /* Frameworks */ = {
			isa = PBXFrameworksBuildPhase;
			buildActionMask = 2147483647;
			files = (
				A9872C50D89BD4A2A7B139E5 /* Pods_Qas.framework in Frameworks */,
			);
			runOnlyForDeploymentPostprocessing = 0;
		};
/* End PBXFrameworksBuildPhase section */

/* Begin PBXGroup section */
		1BAE9B5DD71F0DF92296651C /* Frameworks */ = {
			isa = PBXGroup;
			children = (
				DFF4CC3D69BCC19688AED03F /* Pods_Eiger.framework */,
				615FE5E3DFBC7266C29F3D82 /* Pods_Weasel.framework */,
				9C0BE15CF6C9081CD7431C45 /* Pods_Qas.framework */,
			);
			name = Frameworks;
			sourceTree = "<group>";
		};
		2D6EC82ACCDEE92B54408E2F /* Pods */ = {
			isa = PBXGroup;
			children = (
				42C12585ED85520E5C6B12C1 /* Pods-Qas.debug.xcconfig */,
				51C114ABBF1F1B2A8CDC9EB4 /* Pods-Qas.release.xcconfig */,
			);
			name = Pods;
			sourceTree = "<group>";
		};
		A5223E8A1F1F8EA20097E793 /* Qas */ = {
			isa = PBXGroup;
			children = (
				A5223E8B1F1F8EA20097E793 /* App */,
				A5223E921F1F8EA20097E793 /* Common */,
				A5223EBD1F1F8EA20097E793 /* ViewControllers */,
				A5223EBF1F1F8EA20097E793 /* ViewModels */,
				A5223ECB1F1F8EA20097E793 /* Views */,
				A5223EAE1F1F8EA20097E793 /* Models */,
				A5223EB71F1F8EA20097E793 /* Resources */,
				A5223E901F1F8EA20097E793 /* LaunchScreen.storyboard */,
			);
			path = Qas;
			sourceTree = "<group>";
		};
		A5223E8B1F1F8EA20097E793 /* App */ = {
			isa = PBXGroup;
			children = (
				A5223E8C1F1F8EA20097E793 /* AppDelegate.swift */,
				A5223E8D1F1F8EA20097E793 /* Assets.xcassets */,
				A5223E8E1F1F8EA20097E793 /* EGApplication.swift */,
				A5223E8F1F1F8EA20097E793 /* Info.plist */,
			);
			path = App;
			sourceTree = "<group>";
		};
		A5223E921F1F8EA20097E793 /* Common */ = {
			isa = PBXGroup;
			children = (
				A5223E931F1F8EA20097E793 /* CacheHelper.swift */,
				A5223E941F1F8EA20097E793 /* CommonDao.swift */,
				A565ED041F27536E005740E3 /* OnceExec.swift */,
				A5223EAC1F1F8EA20097E793 /* RealmHelper.swift */,
				A5223EAD1F1F8EA20097E793 /* Util.swift */,
				A5223E951F1F8EA20097E793 /* Define */,
				A5223E981F1F8EA20097E793 /* Extension */,
				A545D71B1F320D790023C160 /* Http */,
				A5223EA81F1F8EA20097E793 /* Protocol */,
				A554E4501F71630B00C8281D /* NotificationManager.swift */,
				A5C427AD1F7B1ADD00BBAB8F /* EncryptHelper.swift */,
				A5C427AF1F7C6CD200BBAB8F /* KeyChainHelper.swift */,
			);
			path = Common;
			sourceTree = "<group>";
		};
		A5223E951F1F8EA20097E793 /* Define */ = {
			isa = PBXGroup;
			children = (
				A5223E961F1F8EA20097E793 /* AppConst.swift */,
				A5223E971F1F8EA20097E793 /* DeviceConst.swift */,
				A545D7141F320CA70023C160 /* HttpConst.swift */,
			);
			path = Define;
			sourceTree = "<group>";
		};
		A5223E981F1F8EA20097E793 /* Extension */ = {
			isa = PBXGroup;
			children = (
				A5223E991F1F8EA20097E793 /* CGPoint+Extend.swift */,
				A5223E9A1F1F8EA20097E793 /* Collection+Extend.swift */,
				A5223E9B1F1F8EA20097E793 /* Dictionary+Extend.swift */,
				A5223E9C1F1F8EA20097E793 /* DispatchQueue+Extend.swift */,
				A5223E9D1F1F8EA20097E793 /* Double+Extend.swift */,
				A5223E9E1F1F8EA20097E793 /* Int+Extend.swift */,
				A5223E9F1F1F8EA20097E793 /* NSNotification+Extend.swift */,
				A5223EA01F1F8EA20097E793 /* NSObject+Extend.swift */,
				A5223EA11F1F8EA20097E793 /* Optional+Extend.swift */,
				A5223EA21F1F8EA20097E793 /* String+Extend.swift */,
				A5223EA31F1F8EA20097E793 /* UIButton+Extend.swift */,
				A5223EA41F1F8EA20097E793 /* UIColor+Extend.swift */,
				A5223EA51F1F8EA20097E793 /* UIImage+Extend.swift */,
				A5223EA61F1F8EA20097E793 /* UIScrollView+Extend.swift */,
				A5223EA71F1F8EA20097E793 /* UIView+Extend.swift */,
				A565ED021F24D629005740E3 /* UIImageView+Extend.swift */,
				A545D7091F30B6B50023C160 /* Array+Extend.swift */,
				A5C427B11F7C6CED00BBAB8F /* Data+Extension.swift */,
			);
			path = Extension;
			sourceTree = "<group>";
		};
		A5223EA81F1F8EA20097E793 /* Protocol */ = {
			isa = PBXGroup;
			children = (
				A5223EA91F1F8EA20097E793 /* CircleView.swift */,
				A5223EAA1F1F8EA20097E793 /* EnumEnumerable.swift */,
				A5223EAB1F1F8EA20097E793 /* ShadowView.swift */,
			);
			path = Protocol;
			sourceTree = "<group>";
		};
		A5223EAE1F1F8EA20097E793 /* Models */ = {
			isa = PBXGroup;
			children = (
				A545D7111F320C690023C160 /* Http */,
				A5223EAF1F1F8EA20097E793 /* Class */,
				A5223EB41F1F8EA20097E793 /* DB */,
			);
			path = Models;
			sourceTree = "<group>";
		};
		A5223EAF1F1F8EA20097E793 /* Class */ = {
			isa = PBXGroup;
			children = (
				A5223EB01F1F8EA20097E793 /* CommonHistoryItem.swift */,
				A5223EB11F1F8EA20097E793 /* HistoryItem.swift */,
				A5223EB21F1F8EA20097E793 /* OptionMenuItem.swift */,
				A5223EB31F1F8EA20097E793 /* ThumbnailItem.swift */,
				A545D70B1F30B6F20023C160 /* SearchHistoryItem.swift */,
			);
			path = Class;
			sourceTree = "<group>";
		};
		A5223EB41F1F8EA20097E793 /* DB */ = {
			isa = PBXGroup;
			children = (
				A5223EB51F1F8EA20097E793 /* Favorite.swift */,
				A5223EB61F1F8EA20097E793 /* Form.swift */,
			);
			path = DB;
			sourceTree = "<group>";
		};
		A5223EB71F1F8EA20097E793 /* Resources */ = {
			isa = PBXGroup;
			children = (
				A5223EB81F1F8EA20097E793 /* authorize.html */,
				A5223EB91F1F8EA20097E793 /* dns.html */,
				A5223EBA1F1F8EA20097E793 /* invalid.html */,
				A5223EBB1F1F8EA20097E793 /* offline.html */,
				A5223EBC1F1F8EA20097E793 /* timeout.html */,
			);
			path = Resources;
			sourceTree = "<group>";
		};
		A5223EBD1F1F8EA20097E793 /* ViewControllers */ = {
			isa = PBXGroup;
			children = (
				A5223EBE1F1F8EA20097E793 /* BaseViewController.swift */,
				A5C1FDB11F48B1E60048E711 /* HelpViewController.swift */,
				A5C1FDB21F48B1E60048E711 /* HelpViewController.xib */,
				A5D775131F5D87E0000A53E6 /* SplashViewController.swift */,
				A5D775141F5D87E0000A53E6 /* SplashViewController.xib */,
			);
			path = ViewControllers;
			sourceTree = "<group>";
		};
		A5223EBF1F1F8EA20097E793 /* ViewModels */ = {
			isa = PBXGroup;
			children = (
				A5223EC01F1F8EA20097E793 /* BaseLayer */,
				A5223EC41F1F8EA20097E793 /* FrontLayer */,
			);
			path = ViewModels;
			sourceTree = "<group>";
		};
		A5223EC01F1F8EA20097E793 /* BaseLayer */ = {
			isa = PBXGroup;
			children = (
				A5223EC11F1F8EA20097E793 /* BaseViewModel.swift */,
				A5223EC21F1F8EA20097E793 /* FooterViewModel.swift */,
				A5223EC31F1F8EA20097E793 /* HeaderViewModel.swift */,
				A545D70D1F30B70A0023C160 /* SearchMenuTableViewModel.swift */,
			);
			path = BaseLayer;
			sourceTree = "<group>";
		};
		A5223EC41F1F8EA20097E793 /* FrontLayer */ = {
			isa = PBXGroup;
			children = (
				A5223EC51F1F8EA20097E793 /* BaseMenuViewModel.swift */,
				A5223EC61F1F8EA20097E793 /* FavoriteMenuViewModel.swift */,
				A5223EC71F1F8EA20097E793 /* FormMenuViewModel.swift */,
				A5223EC81F1F8EA20097E793 /* HistoryMenuViewModel.swift */,
				A5223EC91F1F8EA20097E793 /* OptionMenuTableViewModel.swift */,
				A5223ECA1F1F8EA20097E793 /* SettingMenuViewModel.swift */,
				A5C1FDAD1F48A0250048E711 /* HelpMenuViewModel.swift */,
			);
			path = FrontLayer;
			sourceTree = "<group>";
		};
		A5223ECB1F1F8EA20097E793 /* Views */ = {
			isa = PBXGroup;
			children = (
				A5223ECC1F1F8EA20097E793 /* BaseLayer */,
				A5223EDB1F1F8EA20097E793 /* FrontLayer */,
			);
			path = Views;
			sourceTree = "<group>";
		};
		A5223ECC1F1F8EA20097E793 /* BaseLayer */ = {
			isa = PBXGroup;
			children = (
				A5223ECD1F1F8EA20097E793 /* BaseLayer.swift */,
				A5223ECE1F1F8EA20097E793 /* Body */,
				A5223ED21F1F8EA20097E793 /* Footer */,
				A5223ED61F1F8EA20097E793 /* Header */,
			);
			path = BaseLayer;
			sourceTree = "<group>";
		};
		A5223ECE1F1F8EA20097E793 /* Body */ = {
			isa = PBXGroup;
			children = (
				A5223ECF1F1F8EA20097E793 /* BaseView.swift */,
				A5223ED01F1F8EA20097E793 /* EGWebView.swift */,
				A5223ED11F1F8EA20097E793 /* SearchMenuTableView.swift */,
				A545D70F1F30B7390023C160 /* SearchMenuTableViewCell.swift */,
			);
			path = Body;
			sourceTree = "<group>";
		};
		A5223ED21F1F8EA20097E793 /* Footer */ = {
			isa = PBXGroup;
			children = (
				A5223ED31F1F8EA20097E793 /* FooterView.swift */,
				A5223ED51F1F8EA20097E793 /* Thumbnail.swift */,
			);
			path = Footer;
			sourceTree = "<group>";
		};
		A5223ED61F1F8EA20097E793 /* Header */ = {
			isa = PBXGroup;
			children = (
				A5223ED71F1F8EA20097E793 /* EGGradientLabel.swift */,
				A5223ED81F1F8EA20097E793 /* EGProgressBar.swift */,
				A5223ED91F1F8EA20097E793 /* HeaderField.swift */,
				A5223EDA1F1F8EA20097E793 /* HeaderView.swift */,
			);
			path = Header;
			sourceTree = "<group>";
		};
		A5223EDB1F1F8EA20097E793 /* FrontLayer */ = {
			isa = PBXGroup;
			children = (
				A5223EE01F1F8EA20097E793 /* FrontLayer.swift */,
				A5223EDC1F1F8EA20097E793 /* CircleMenu */,
				A5223EE11F1F8EA20097E793 /* OptionMenu */,
			);
			path = FrontLayer;
			sourceTree = "<group>";
		};
		A5223EDC1F1F8EA20097E793 /* CircleMenu */ = {
			isa = PBXGroup;
			children = (
				A5223EDD1F1F8EA20097E793 /* CircleMenu.swift */,
				A5223EDE1F1F8EA20097E793 /* CircleMenuItem.swift */,
				A5223EDF1F1F8EA20097E793 /* CircleProgress.swift */,
			);
			path = CircleMenu;
			sourceTree = "<group>";
		};
		A5223EE11F1F8EA20097E793 /* OptionMenu */ = {
			isa = PBXGroup;
			children = (
				A5223EE21F1F8EA20097E793 /* OptionMenuTableView.swift */,
				A5223EE31F1F8EA20097E793 /* OptionMenuTableViewCell.swift */,
				A5223EE51F1F8EA20097E793 /* OptionMenuTextField.swift */,
			);
			path = OptionMenu;
			sourceTree = "<group>";
		};
		A545D7111F320C690023C160 /* Http */ = {
			isa = PBXGroup;
			children = (
				A545D7121F320C7D0023C160 /* SuggestGetApiResponse.swift */,
			);
			path = Http;
			sourceTree = "<group>";
		};
		A545D71B1F320D790023C160 /* Http */ = {
			isa = PBXGroup;
			children = (
				A545D71C1F320D790023C160 /* ApiManager.swift */,
				A545D71D1F320D790023C160 /* SuggestGetApiRequestExecuter.swift */,
			);
			path = Http;
			sourceTree = "<group>";
		};
		A57EFE981E3E06D300B66701 = {
			isa = PBXGroup;
			children = (
				A5A6F2C51F1F92DD00A4620C /* R.generated.swift */,
				A5223E8A1F1F8EA20097E793 /* Qas */,
				A57EFEA21E3E06D300B66701 /* Products */,
				2D6EC82ACCDEE92B54408E2F /* Pods */,
				1BAE9B5DD71F0DF92296651C /* Frameworks */,
			);
			sourceTree = "<group>";
		};
		A57EFEA21E3E06D300B66701 /* Products */ = {
			isa = PBXGroup;
			children = (
				A57EFEA11E3E06D300B66701 /* Qas.app */,
			);
			name = Products;
			sourceTree = "<group>";
		};
/* End PBXGroup section */

/* Begin PBXNativeTarget section */
		A57EFEA01E3E06D300B66701 /* Qas */ = {
			isa = PBXNativeTarget;
			buildConfigurationList = A57EFEB31E3E06D300B66701 /* Build configuration list for PBXNativeTarget "Qas" */;
			buildPhases = (
				57D8DA48BB701B7EFB84CDD9 /* [CP] Check Pods Manifest.lock */,
				A5A6F2C41F1F917600A4620C /* ShellScript */,
				A57EFE9D1E3E06D300B66701 /* Sources */,
				A57EFE9E1E3E06D300B66701 /* Frameworks */,
				A57EFE9F1E3E06D300B66701 /* Resources */,
				1D029561B4665ADEDAE1473F /* [CP] Embed Pods Frameworks */,
				1E63D71BB12081FC0887EC86 /* [CP] Copy Pods Resources */,
			);
			buildRules = (
			);
			dependencies = (
			);
			name = Qas;
			productName = Eiger;
			productReference = A57EFEA11E3E06D300B66701 /* Qas.app */;
			productType = "com.apple.product-type.application";
		};
/* End PBXNativeTarget section */

/* Begin PBXProject section */
		A57EFE991E3E06D300B66701 /* Project object */ = {
			isa = PBXProject;
			attributes = {
				LastSwiftUpdateCheck = 0810;
				LastUpgradeCheck = 0810;
				ORGANIZATIONNAME = eifaniori;
				TargetAttributes = {
					A57EFEA01E3E06D300B66701 = {
						CreatedOnToolsVersion = 8.1;
						DevelopmentTeam = TBQA5RANYY;
						LastSwiftMigration = 0820;
						ProvisioningStyle = Automatic;
					};
				};
			};
			buildConfigurationList = A57EFE9C1E3E06D300B66701 /* Build configuration list for PBXProject "Qas" */;
			compatibilityVersion = "Xcode 3.2";
			developmentRegion = English;
			hasScannedForEncodings = 0;
			knownRegions = (
				en,
				Base,
			);
			mainGroup = A57EFE981E3E06D300B66701;
			productRefGroup = A57EFEA21E3E06D300B66701 /* Products */;
			projectDirPath = "";
			projectRoot = "";
			targets = (
				A57EFEA01E3E06D300B66701 /* Qas */,
			);
		};
/* End PBXProject section */

/* Begin PBXResourcesBuildPhase section */
		A57EFE9F1E3E06D300B66701 /* Resources */ = {
			isa = PBXResourcesBuildPhase;
			buildActionMask = 2147483647;
			files = (
				A5223F0C1F1F8EA20097E793 /* offline.html in Resources */,
				A5C1FDB41F48B1E60048E711 /* HelpViewController.xib in Resources */,
				A5223F091F1F8EA20097E793 /* authorize.html in Resources */,
				A5D775161F5D87E0000A53E6 /* SplashViewController.xib in Resources */,
				A5223EEA1F1F8EA20097E793 /* LaunchScreen.storyboard in Resources */,
				A5223F0B1F1F8EA20097E793 /* invalid.html in Resources */,
				A5223F0A1F1F8EA20097E793 /* dns.html in Resources */,
				A5223EE91F1F8EA20097E793 /* Info.plist in Resources */,
				A5223F0D1F1F8EA20097E793 /* timeout.html in Resources */,
				A5223EE71F1F8EA20097E793 /* Assets.xcassets in Resources */,
			);
			runOnlyForDeploymentPostprocessing = 0;
		};
/* End PBXResourcesBuildPhase section */

/* Begin PBXShellScriptBuildPhase section */
		1D029561B4665ADEDAE1473F /* [CP] Embed Pods Frameworks */ = {
			isa = PBXShellScriptBuildPhase;
			buildActionMask = 2147483647;
			files = (
			);
			inputPaths = (
			);
			name = "[CP] Embed Pods Frameworks";
			outputPaths = (
			);
			runOnlyForDeploymentPostprocessing = 0;
			shellPath = /bin/sh;
			shellScript = "\"${SRCROOT}/Pods/Target Support Files/Pods-Qas/Pods-Qas-frameworks.sh\"\n";
			showEnvVarsInLog = 0;
		};
		1E63D71BB12081FC0887EC86 /* [CP] Copy Pods Resources */ = {
			isa = PBXShellScriptBuildPhase;
			buildActionMask = 2147483647;
			files = (
			);
			inputPaths = (
			);
			name = "[CP] Copy Pods Resources";
			outputPaths = (
			);
			runOnlyForDeploymentPostprocessing = 0;
			shellPath = /bin/sh;
			shellScript = "\"${SRCROOT}/Pods/Target Support Files/Pods-Qas/Pods-Qas-resources.sh\"\n";
			showEnvVarsInLog = 0;
		};
		57D8DA48BB701B7EFB84CDD9 /* [CP] Check Pods Manifest.lock */ = {
			isa = PBXShellScriptBuildPhase;
			buildActionMask = 2147483647;
			files = (
			);
			inputPaths = (
			);
			name = "[CP] Check Pods Manifest.lock";
			outputPaths = (
			);
			runOnlyForDeploymentPostprocessing = 0;
			shellPath = /bin/sh;
			shellScript = "diff \"${PODS_PODFILE_DIR_PATH}/Podfile.lock\" \"${PODS_ROOT}/Manifest.lock\" > /dev/null\nif [ $? != 0 ] ; then\n    # print error to STDERR\n    echo \"error: The sandbox is not in sync with the Podfile.lock. Run 'pod install' or update your CocoaPods installation.\" >&2\n    exit 1\nfi\n";
			showEnvVarsInLog = 0;
		};
		A5A6F2C41F1F917600A4620C /* ShellScript */ = {
			isa = PBXShellScriptBuildPhase;
			buildActionMask = 2147483647;
			files = (
			);
			inputPaths = (
			);
			outputPaths = (
			);
			runOnlyForDeploymentPostprocessing = 0;
			shellPath = /bin/sh;
			shellScript = "\"$PODS_ROOT/R.swift/rswift\" \"$SRCROOT\"";
		};
/* End PBXShellScriptBuildPhase section */

/* Begin PBXSourcesBuildPhase section */
		A57EFE9D1E3E06D300B66701 /* Sources */ = {
			isa = PBXSourcesBuildPhase;
			buildActionMask = 2147483647;
			files = (
				A5223EFD1F1F8EA20097E793 /* UIView+Extend.swift in Sources */,
				A545D70A1F30B6B50023C160 /* Array+Extend.swift in Sources */,
				A5223EEF1F1F8EA20097E793 /* CGPoint+Extend.swift in Sources */,
				A5223F0E1F1F8EA20097E793 /* BaseViewController.swift in Sources */,
				A5223F241F1F8EA20097E793 /* CircleMenuItem.swift in Sources */,
				A5223F031F1F8EA20097E793 /* CommonHistoryItem.swift in Sources */,
				A565ED051F27536E005740E3 /* OnceExec.swift in Sources */,
				A5223F171F1F8EA20097E793 /* SettingMenuViewModel.swift in Sources */,
				A5C427B21F7C6CED00BBAB8F /* Data+Extension.swift in Sources */,
				A554E4511F71630B00C8281D /* NotificationManager.swift in Sources */,
				A5223EFF1F1F8EA20097E793 /* EnumEnumerable.swift in Sources */,
				A5223F141F1F8EA20097E793 /* FormMenuViewModel.swift in Sources */,
				A5223F131F1F8EA20097E793 /* FavoriteMenuViewModel.swift in Sources */,
				A5223F161F1F8EA20097E793 /* OptionMenuTableViewModel.swift in Sources */,
				A5223F111F1F8EA20097E793 /* HeaderViewModel.swift in Sources */,
				A5223EF01F1F8EA20097E793 /* Collection+Extend.swift in Sources */,
				A565ED031F24D629005740E3 /* UIImageView+Extend.swift in Sources */,
				A5223EF11F1F8EA20097E793 /* Dictionary+Extend.swift in Sources */,
				A5223EE81F1F8EA20097E793 /* EGApplication.swift in Sources */,
				A5223EF91F1F8EA20097E793 /* UIButton+Extend.swift in Sources */,
				A5223F1E1F1F8EA20097E793 /* Thumbnail.swift in Sources */,
				A5223F021F1F8EA20097E793 /* Util.swift in Sources */,
				A5223F041F1F8EA20097E793 /* HistoryItem.swift in Sources */,
				A5223EFE1F1F8EA20097E793 /* CircleView.swift in Sources */,
				A5223F2A1F1F8EA20097E793 /* OptionMenuTextField.swift in Sources */,
				A5223EEE1F1F8EA20097E793 /* DeviceConst.swift in Sources */,
				A545D7151F320CA70023C160 /* HttpConst.swift in Sources */,
				A5223F151F1F8EA20097E793 /* HistoryMenuViewModel.swift in Sources */,
				A545D70C1F30B6F20023C160 /* SearchHistoryItem.swift in Sources */,
				A545D70E1F30B70A0023C160 /* SearchMenuTableViewModel.swift in Sources */,
				A5223EF61F1F8EA20097E793 /* NSObject+Extend.swift in Sources */,
				A5223EF41F1F8EA20097E793 /* Int+Extend.swift in Sources */,
				A5223F011F1F8EA20097E793 /* RealmHelper.swift in Sources */,
				A5223F1B1F1F8EA20097E793 /* SearchMenuTableView.swift in Sources */,
				A5223F181F1F8EA20097E793 /* BaseLayer.swift in Sources */,
				A5C427AE1F7B1ADD00BBAB8F /* EncryptHelper.swift in Sources */,
				A5223EEB1F1F8EA20097E793 /* CacheHelper.swift in Sources */,
				A5223F201F1F8EA20097E793 /* EGProgressBar.swift in Sources */,
				A5223F001F1F8EA20097E793 /* ShadowView.swift in Sources */,
				A5223EF81F1F8EA20097E793 /* String+Extend.swift in Sources */,
				A5223F0F1F1F8EA20097E793 /* BaseViewModel.swift in Sources */,
				A5223F121F1F8EA20097E793 /* BaseMenuViewModel.swift in Sources */,
				A545D7101F30B7390023C160 /* SearchMenuTableViewCell.swift in Sources */,
				A5C1FDAE1F48A0250048E711 /* HelpMenuViewModel.swift in Sources */,
				A5D775151F5D87E0000A53E6 /* SplashViewController.swift in Sources */,
				A5223EE61F1F8EA20097E793 /* AppDelegate.swift in Sources */,
				A5223F261F1F8EA20097E793 /* FrontLayer.swift in Sources */,
				A5223F071F1F8EA20097E793 /* Favorite.swift in Sources */,
				A5223EFA1F1F8EA20097E793 /* UIColor+Extend.swift in Sources */,
				A5223F231F1F8EA20097E793 /* CircleMenu.swift in Sources */,
				A5223F191F1F8EA20097E793 /* BaseView.swift in Sources */,
				A5223EF51F1F8EA20097E793 /* NSNotification+Extend.swift in Sources */,
				A5223F271F1F8EA20097E793 /* OptionMenuTableView.swift in Sources */,
				A5223F061F1F8EA20097E793 /* ThumbnailItem.swift in Sources */,
				A5223F211F1F8EA20097E793 /* HeaderField.swift in Sources */,
				A5223EEC1F1F8EA20097E793 /* CommonDao.swift in Sources */,
				A5C427B01F7C6CD200BBAB8F /* KeyChainHelper.swift in Sources */,
				A5223EED1F1F8EA20097E793 /* AppConst.swift in Sources */,
				A5223F1F1F1F8EA20097E793 /* EGGradientLabel.swift in Sources */,
				A5223F081F1F8EA20097E793 /* Form.swift in Sources */,
				A5A6F2C61F1F92DD00A4620C /* R.generated.swift in Sources */,
				A545D7131F320C7D0023C160 /* SuggestGetApiResponse.swift in Sources */,
				A5223EFC1F1F8EA20097E793 /* UIScrollView+Extend.swift in Sources */,
				A545D71F1F320D790023C160 /* SuggestGetApiRequestExecuter.swift in Sources */,
				A5223F101F1F8EA20097E793 /* FooterViewModel.swift in Sources */,
				A5223EFB1F1F8EA20097E793 /* UIImage+Extend.swift in Sources */,
				A5223F281F1F8EA20097E793 /* OptionMenuTableViewCell.swift in Sources */,
				A5223F051F1F8EA20097E793 /* OptionMenuItem.swift in Sources */,
				A5223EF31F1F8EA20097E793 /* Double+Extend.swift in Sources */,
				A5223F251F1F8EA20097E793 /* CircleProgress.swift in Sources */,
				A5223EF71F1F8EA20097E793 /* Optional+Extend.swift in Sources */,
				A545D71E1F320D790023C160 /* ApiManager.swift in Sources */,
				A5C1FDB31F48B1E60048E711 /* HelpViewController.swift in Sources */,
				A5223F1C1F1F8EA20097E793 /* FooterView.swift in Sources */,
				A5223EF21F1F8EA20097E793 /* DispatchQueue+Extend.swift in Sources */,
				A5223F1A1F1F8EA20097E793 /* EGWebView.swift in Sources */,
				A5223F221F1F8EA20097E793 /* HeaderView.swift in Sources */,
			);
			runOnlyForDeploymentPostprocessing = 0;
		};
/* End PBXSourcesBuildPhase section */

/* Begin PBXVariantGroup section */
		A5223E901F1F8EA20097E793 /* LaunchScreen.storyboard */ = {
			isa = PBXVariantGroup;
			children = (
				A5223E911F1F8EA20097E793 /* Base */,
			);
			name = LaunchScreen.storyboard;
			sourceTree = "<group>";
		};
/* End PBXVariantGroup section */

/* Begin XCBuildConfiguration section */
		A57EFEB11E3E06D300B66701 /* Debug */ = {
			isa = XCBuildConfiguration;
			buildSettings = {
				ALWAYS_SEARCH_USER_PATHS = NO;
				CLANG_ANALYZER_NONNULL = YES;
				CLANG_CXX_LANGUAGE_STANDARD = "gnu++0x";
				CLANG_CXX_LIBRARY = "libc++";
				CLANG_ENABLE_MODULES = YES;
				CLANG_ENABLE_OBJC_ARC = YES;
				CLANG_WARN_BOOL_CONVERSION = YES;
				CLANG_WARN_CONSTANT_CONVERSION = YES;
				CLANG_WARN_DIRECT_OBJC_ISA_USAGE = YES_ERROR;
				CLANG_WARN_DOCUMENTATION_COMMENTS = YES;
				CLANG_WARN_EMPTY_BODY = YES;
				CLANG_WARN_ENUM_CONVERSION = YES;
				CLANG_WARN_INFINITE_RECURSION = YES;
				CLANG_WARN_INT_CONVERSION = YES;
				CLANG_WARN_OBJC_ROOT_CLASS = YES_ERROR;
				CLANG_WARN_SUSPICIOUS_MOVE = YES;
				CLANG_WARN_SUSPICIOUS_MOVES = YES;
				CLANG_WARN_UNREACHABLE_CODE = YES;
				CLANG_WARN__DUPLICATE_METHOD_MATCH = YES;
				"CODE_SIGN_IDENTITY[sdk=iphoneos*]" = "iPhone Developer";
				COPY_PHASE_STRIP = NO;
				DEBUG_INFORMATION_FORMAT = dwarf;
				ENABLE_STRICT_OBJC_MSGSEND = YES;
				ENABLE_TESTABILITY = YES;
				GCC_C_LANGUAGE_STANDARD = gnu99;
				GCC_DYNAMIC_NO_PIC = NO;
				GCC_NO_COMMON_BLOCKS = YES;
				GCC_OPTIMIZATION_LEVEL = 0;
				GCC_PREPROCESSOR_DEFINITIONS = (
					"DEBUG=1",
					"$(inherited)",
				);
				GCC_WARN_64_TO_32_BIT_CONVERSION = YES;
				GCC_WARN_ABOUT_RETURN_TYPE = YES_ERROR;
				GCC_WARN_UNDECLARED_SELECTOR = YES;
				GCC_WARN_UNINITIALIZED_AUTOS = YES_AGGRESSIVE;
				GCC_WARN_UNUSED_FUNCTION = YES;
				GCC_WARN_UNUSED_VARIABLE = YES;
				IPHONEOS_DEPLOYMENT_TARGET = 9.0;
				MTL_ENABLE_DEBUG_INFO = YES;
				ONLY_ACTIVE_ARCH = YES;
				OTHER_SWIFT_FLAGS = "-DDEBUG";
				SDKROOT = iphoneos;
				SWIFT_ACTIVE_COMPILATION_CONDITIONS = DEBUG;
				SWIFT_OPTIMIZATION_LEVEL = "-Onone";
			};
			name = Debug;
		};
		A57EFEB21E3E06D300B66701 /* Release */ = {
			isa = XCBuildConfiguration;
			buildSettings = {
				ALWAYS_SEARCH_USER_PATHS = NO;
				CLANG_ANALYZER_NONNULL = YES;
				CLANG_CXX_LANGUAGE_STANDARD = "gnu++0x";
				CLANG_CXX_LIBRARY = "libc++";
				CLANG_ENABLE_MODULES = YES;
				CLANG_ENABLE_OBJC_ARC = YES;
				CLANG_WARN_BOOL_CONVERSION = YES;
				CLANG_WARN_CONSTANT_CONVERSION = YES;
				CLANG_WARN_DIRECT_OBJC_ISA_USAGE = YES_ERROR;
				CLANG_WARN_DOCUMENTATION_COMMENTS = YES;
				CLANG_WARN_EMPTY_BODY = YES;
				CLANG_WARN_ENUM_CONVERSION = YES;
				CLANG_WARN_INFINITE_RECURSION = YES;
				CLANG_WARN_INT_CONVERSION = YES;
				CLANG_WARN_OBJC_ROOT_CLASS = YES_ERROR;
				CLANG_WARN_SUSPICIOUS_MOVE = YES;
				CLANG_WARN_SUSPICIOUS_MOVES = YES;
				CLANG_WARN_UNREACHABLE_CODE = YES;
				CLANG_WARN__DUPLICATE_METHOD_MATCH = YES;
				"CODE_SIGN_IDENTITY[sdk=iphoneos*]" = "iPhone Developer";
				COPY_PHASE_STRIP = NO;
				DEBUG_INFORMATION_FORMAT = "dwarf-with-dsym";
				ENABLE_NS_ASSERTIONS = NO;
				ENABLE_STRICT_OBJC_MSGSEND = YES;
				GCC_C_LANGUAGE_STANDARD = gnu99;
				GCC_NO_COMMON_BLOCKS = YES;
				GCC_WARN_64_TO_32_BIT_CONVERSION = YES;
				GCC_WARN_ABOUT_RETURN_TYPE = YES_ERROR;
				GCC_WARN_UNDECLARED_SELECTOR = YES;
				GCC_WARN_UNINITIALIZED_AUTOS = YES_AGGRESSIVE;
				GCC_WARN_UNUSED_FUNCTION = YES;
				GCC_WARN_UNUSED_VARIABLE = YES;
				IPHONEOS_DEPLOYMENT_TARGET = 9.0;
				MTL_ENABLE_DEBUG_INFO = NO;
				SDKROOT = iphoneos;
				SWIFT_OPTIMIZATION_LEVEL = "-Owholemodule";
				VALIDATE_PRODUCT = YES;
			};
			name = Release;
		};
		A57EFEB41E3E06D300B66701 /* Debug */ = {
			isa = XCBuildConfiguration;
			baseConfigurationReference = 42C12585ED85520E5C6B12C1 /* Pods-Qas.debug.xcconfig */;
			buildSettings = {
				ASSETCATALOG_COMPILER_APPICON_NAME = AppIcon;
				CLANG_ENABLE_MODULES = YES;
				DEVELOPMENT_TEAM = TBQA5RANYY;
				INFOPLIST_FILE = Qas/App/Info.plist;
				LD_RUNPATH_SEARCH_PATHS = "$(inherited) @executable_path/Frameworks";
				PRODUCT_BUNDLE_IDENTIFIER = com.eifaniori.qas.sw;
				PRODUCT_NAME = "$(TARGET_NAME)";
				SWIFT_OBJC_BRIDGING_HEADER = "";
				SWIFT_OPTIMIZATION_LEVEL = "-Onone";
				SWIFT_VERSION = 3.0.1;
			};
			name = Debug;
		};
		A57EFEB51E3E06D300B66701 /* Release */ = {
			isa = XCBuildConfiguration;
			baseConfigurationReference = 51C114ABBF1F1B2A8CDC9EB4 /* Pods-Qas.release.xcconfig */;
			buildSettings = {
				ASSETCATALOG_COMPILER_APPICON_NAME = AppIcon;
				CLANG_ENABLE_MODULES = YES;
				DEVELOPMENT_TEAM = TBQA5RANYY;
				INFOPLIST_FILE = Qas/App/Info.plist;
				LD_RUNPATH_SEARCH_PATHS = "$(inherited) @executable_path/Frameworks";
				PRODUCT_BUNDLE_IDENTIFIER = com.eifaniori.qas.sw;
				PRODUCT_NAME = "$(TARGET_NAME)";
				SWIFT_OBJC_BRIDGING_HEADER = "";
				SWIFT_VERSION = 3.0.1;
			};
			name = Release;
		};
/* End XCBuildConfiguration section */

/* Begin XCConfigurationList section */
		A57EFE9C1E3E06D300B66701 /* Build configuration list for PBXProject "Qas" */ = {
			isa = XCConfigurationList;
			buildConfigurations = (
				A57EFEB11E3E06D300B66701 /* Debug */,
				A57EFEB21E3E06D300B66701 /* Release */,
			);
			defaultConfigurationIsVisible = 0;
			defaultConfigurationName = Release;
		};
		A57EFEB31E3E06D300B66701 /* Build configuration list for PBXNativeTarget "Qas" */ = {
			isa = XCConfigurationList;
			buildConfigurations = (
				A57EFEB41E3E06D300B66701 /* Debug */,
				A57EFEB51E3E06D300B66701 /* Release */,
			);
			defaultConfigurationIsVisible = 0;
			defaultConfigurationName = Release;
		};
/* End XCConfigurationList section */
	};
	rootObject = A57EFE991E3E06D300B66701 /* Project object */;
}
