// !$*UTF8*$!
{
	archiveVersion = 1;
	classes = {
	};
	objectVersion = 46;
	objects = {

/* Begin PBXBuildFile section */
		9CCB516EFF3A6712AE346D1E /* Pods_Weasel.framework in Frameworks */ = {isa = PBXBuildFile; fileRef = 615FE5E3DFBC7266C29F3D82 /* Pods_Weasel.framework */; };
		A554095A1EFAAA9900F29140 /* FormMenuViewModel.swift in Sources */ = {isa = PBXBuildFile; fileRef = A55409591EFAAA9900F29140 /* FormMenuViewModel.swift */; };
		A554095C1EFAAAB600F29140 /* FavoriteMenuViewModel.swift in Sources */ = {isa = PBXBuildFile; fileRef = A554095B1EFAAAB600F29140 /* FavoriteMenuViewModel.swift */; };
		A55409671EFBF83700F29140 /* CircleMenu.swift in Sources */ = {isa = PBXBuildFile; fileRef = A55409601EFBF83700F29140 /* CircleMenu.swift */; };
		A55409681EFBF83700F29140 /* CircleMenuItem.swift in Sources */ = {isa = PBXBuildFile; fileRef = A55409611EFBF83700F29140 /* CircleMenuItem.swift */; };
		A55409691EFBF83700F29140 /* CircleProgress.swift in Sources */ = {isa = PBXBuildFile; fileRef = A55409621EFBF83700F29140 /* CircleProgress.swift */; };
		A554096A1EFBF83700F29140 /* OptionMenuTableView.swift in Sources */ = {isa = PBXBuildFile; fileRef = A55409641EFBF83700F29140 /* OptionMenuTableView.swift */; };
		A554096B1EFBF83700F29140 /* OptionMenuTableViewCell.swift in Sources */ = {isa = PBXBuildFile; fileRef = A55409651EFBF83700F29140 /* OptionMenuTableViewCell.swift */; };
		A554096C1EFBF83700F29140 /* OptionMenuTextField.swift in Sources */ = {isa = PBXBuildFile; fileRef = A55409661EFBF83700F29140 /* OptionMenuTextField.swift */; };
		A55804DF1F13CB58006FDA24 /* NSObject+Extend.swift in Sources */ = {isa = PBXBuildFile; fileRef = A55804DE1F13CB58006FDA24 /* NSObject+Extend.swift */; };
		A55804E11F13CCDD006FDA24 /* Dictionary+Extend.swift in Sources */ = {isa = PBXBuildFile; fileRef = A55804E01F13CCDD006FDA24 /* Dictionary+Extend.swift */; };
		A55EBF4F1EEB009000304C69 /* DispatchQueue+Extend.swift in Sources */ = {isa = PBXBuildFile; fileRef = A55EBF161EEB009000304C69 /* DispatchQueue+Extend.swift */; };
		A55EBF501EEB009000304C69 /* Int+Extend.swift in Sources */ = {isa = PBXBuildFile; fileRef = A55EBF171EEB009000304C69 /* Int+Extend.swift */; };
		A55EBF511EEB009000304C69 /* NSNotification+Extend.swift in Sources */ = {isa = PBXBuildFile; fileRef = A55EBF181EEB009000304C69 /* NSNotification+Extend.swift */; };
		A55EBF521EEB009000304C69 /* String+Extend.swift in Sources */ = {isa = PBXBuildFile; fileRef = A55EBF191EEB009000304C69 /* String+Extend.swift */; };
		A55EBF531EEB009000304C69 /* UIColor+Extend.swift in Sources */ = {isa = PBXBuildFile; fileRef = A55EBF1A1EEB009000304C69 /* UIColor+Extend.swift */; };
		A55EBF541EEB009000304C69 /* UIImage+Extend.swift in Sources */ = {isa = PBXBuildFile; fileRef = A55EBF1B1EEB009000304C69 /* UIImage+Extend.swift */; };
		A55EBF551EEB009000304C69 /* UIScrollView+Extend.swift in Sources */ = {isa = PBXBuildFile; fileRef = A55EBF1C1EEB009000304C69 /* UIScrollView+Extend.swift */; };
		A55EBF561EEB009000304C69 /* UIView+Extend.swift in Sources */ = {isa = PBXBuildFile; fileRef = A55EBF1D1EEB009000304C69 /* UIView+Extend.swift */; };
		A55EBF581EEB009000304C69 /* CircleView.swift in Sources */ = {isa = PBXBuildFile; fileRef = A55EBF201EEB009000304C69 /* CircleView.swift */; };
		A55EBF591EEB009000304C69 /* ShadowView.swift in Sources */ = {isa = PBXBuildFile; fileRef = A55EBF211EEB009000304C69 /* ShadowView.swift */; };
		A55EBF5A1EEB009000304C69 /* CommonDao.swift in Sources */ = {isa = PBXBuildFile; fileRef = A55EBF221EEB009000304C69 /* CommonDao.swift */; };
		A55EBF5B1EEB009000304C69 /* Util.swift in Sources */ = {isa = PBXBuildFile; fileRef = A55EBF231EEB009000304C69 /* Util.swift */; };
		A55EBF631EEB009000304C69 /* authorize.html in Resources */ = {isa = PBXBuildFile; fileRef = A55EBF2D1EEB009000304C69 /* authorize.html */; };
		A55EBF641EEB009000304C69 /* dns.html in Resources */ = {isa = PBXBuildFile; fileRef = A55EBF2E1EEB009000304C69 /* dns.html */; };
		A55EBF651EEB009000304C69 /* invalid.html in Resources */ = {isa = PBXBuildFile; fileRef = A55EBF2F1EEB009000304C69 /* invalid.html */; };
		A55EBF661EEB009000304C69 /* offline.html in Resources */ = {isa = PBXBuildFile; fileRef = A55EBF301EEB009000304C69 /* offline.html */; };
		A55EBF671EEB009000304C69 /* timeout.html in Resources */ = {isa = PBXBuildFile; fileRef = A55EBF311EEB009000304C69 /* timeout.html */; };
		A55EBF681EEB009000304C69 /* BaseViewController.swift in Sources */ = {isa = PBXBuildFile; fileRef = A55EBF331EEB009000304C69 /* BaseViewController.swift */; };
		A55EBF6C1EEB009000304C69 /* BaseLayer.swift in Sources */ = {isa = PBXBuildFile; fileRef = A55EBF3A1EEB009000304C69 /* BaseLayer.swift */; };
		A55EBF6D1EEB009000304C69 /* BaseView.swift in Sources */ = {isa = PBXBuildFile; fileRef = A55EBF3C1EEB009000304C69 /* BaseView.swift */; };
		A55EBF6E1EEB009000304C69 /* EGWebView.swift in Sources */ = {isa = PBXBuildFile; fileRef = A55EBF3D1EEB009000304C69 /* EGWebView.swift */; };
		A55EBF6F1EEB009000304C69 /* FooterView.swift in Sources */ = {isa = PBXBuildFile; fileRef = A55EBF3F1EEB009000304C69 /* FooterView.swift */; };
		A55EBF701EEB009000304C69 /* EGGradientLabel.swift in Sources */ = {isa = PBXBuildFile; fileRef = A55EBF411EEB009000304C69 /* EGGradientLabel.swift */; };
		A55EBF711EEB009000304C69 /* EGProgressBar.swift in Sources */ = {isa = PBXBuildFile; fileRef = A55EBF421EEB009000304C69 /* EGProgressBar.swift */; };
		A55EBF721EEB009000304C69 /* EGTextField.swift in Sources */ = {isa = PBXBuildFile; fileRef = A55EBF431EEB009000304C69 /* EGTextField.swift */; };
		A55EBF731EEB009000304C69 /* HeaderView.swift in Sources */ = {isa = PBXBuildFile; fileRef = A55EBF441EEB009000304C69 /* HeaderView.swift */; };
		A55EBF771EEB009000304C69 /* FrontLayer.swift in Sources */ = {isa = PBXBuildFile; fileRef = A55EBF491EEB009000304C69 /* FrontLayer.swift */; };
		A55EBF7D1EEB014E00304C69 /* AppDelegate.swift in Sources */ = {isa = PBXBuildFile; fileRef = A55EBF791EEB014E00304C69 /* AppDelegate.swift */; };
		A55EBF7E1EEB014E00304C69 /* Assets.xcassets in Resources */ = {isa = PBXBuildFile; fileRef = A55EBF7A1EEB014E00304C69 /* Assets.xcassets */; };
		A55EBF7F1EEB014E00304C69 /* EGApplication.swift in Sources */ = {isa = PBXBuildFile; fileRef = A55EBF7B1EEB014E00304C69 /* EGApplication.swift */; };
		A55EBF801EEB014E00304C69 /* Info.plist in Resources */ = {isa = PBXBuildFile; fileRef = A55EBF7C1EEB014E00304C69 /* Info.plist */; };
		A575D1941F0E7B8C00714FE4 /* Thumbnail.swift in Sources */ = {isa = PBXBuildFile; fileRef = A575D1931F0E7B8C00714FE4 /* Thumbnail.swift */; };
		A575D1961F0E7C1800714FE4 /* CacheHelper.swift in Sources */ = {isa = PBXBuildFile; fileRef = A575D1951F0E7C1800714FE4 /* CacheHelper.swift */; };
		A57CD1221F06B79B00F29A11 /* AppConst.swift in Sources */ = {isa = PBXBuildFile; fileRef = A57CD1201F06B79B00F29A11 /* AppConst.swift */; };
		A57CD1231F06B79B00F29A11 /* DeviceConst.swift in Sources */ = {isa = PBXBuildFile; fileRef = A57CD1211F06B79B00F29A11 /* DeviceConst.swift */; };
		A57CD12C1F0845B400F29A11 /* CommonHistoryItem.swift in Sources */ = {isa = PBXBuildFile; fileRef = A57CD1251F0845B400F29A11 /* CommonHistoryItem.swift */; };
		A57CD12D1F0845B400F29A11 /* HistoryItem.swift in Sources */ = {isa = PBXBuildFile; fileRef = A57CD1261F0845B400F29A11 /* HistoryItem.swift */; };
		A57CD12E1F0845B400F29A11 /* OptionMenuItem.swift in Sources */ = {isa = PBXBuildFile; fileRef = A57CD1271F0845B400F29A11 /* OptionMenuItem.swift */; };
		A57CD12F1F0845B400F29A11 /* ThumbnailItem.swift in Sources */ = {isa = PBXBuildFile; fileRef = A57CD1281F0845B400F29A11 /* ThumbnailItem.swift */; };
		A57CD1301F0845B400F29A11 /* Favorite.swift in Sources */ = {isa = PBXBuildFile; fileRef = A57CD12A1F0845B400F29A11 /* Favorite.swift */; };
		A57CD1311F0845B400F29A11 /* Form.swift in Sources */ = {isa = PBXBuildFile; fileRef = A57CD12B1F0845B400F29A11 /* Form.swift */; };
		A57CD1331F0BC3D000F29A11 /* RealmHelper.swift in Sources */ = {isa = PBXBuildFile; fileRef = A57CD1321F0BC3D000F29A11 /* RealmHelper.swift */; };
		A57CD1351F0BC54300F29A11 /* Collection+Extend.swift in Sources */ = {isa = PBXBuildFile; fileRef = A57CD1341F0BC54300F29A11 /* Collection+Extend.swift */; };
		A57CD1371F0BC56000F29A11 /* UIButton+Extend.swift in Sources */ = {isa = PBXBuildFile; fileRef = A57CD1361F0BC56000F29A11 /* UIButton+Extend.swift */; };
		A57CD1391F0BC58700F29A11 /* EnumEnumerable.swift in Sources */ = {isa = PBXBuildFile; fileRef = A57CD1381F0BC58700F29A11 /* EnumEnumerable.swift */; };
		A5B628D71EEECC28005CC957 /* Double+Extend.swift in Sources */ = {isa = PBXBuildFile; fileRef = A5B628D61EEECC28005CC957 /* Double+Extend.swift */; };
		A5B628D91EEECC46005CC957 /* CGPoint+Extend.swift in Sources */ = {isa = PBXBuildFile; fileRef = A5B628D81EEECC46005CC957 /* CGPoint+Extend.swift */; };
		A5B628EA1EF0AF79005CC957 /* BaseViewModel.swift in Sources */ = {isa = PBXBuildFile; fileRef = A5B628E31EF0AF79005CC957 /* BaseViewModel.swift */; };
		A5B628EB1EF0AF79005CC957 /* FooterViewModel.swift in Sources */ = {isa = PBXBuildFile; fileRef = A5B628E41EF0AF79005CC957 /* FooterViewModel.swift */; };
		A5B628EC1EF0AF79005CC957 /* HeaderViewModel.swift in Sources */ = {isa = PBXBuildFile; fileRef = A5B628E51EF0AF79005CC957 /* HeaderViewModel.swift */; };
		A5B628ED1EF0AF79005CC957 /* BaseMenuViewModel.swift in Sources */ = {isa = PBXBuildFile; fileRef = A5B628E71EF0AF79005CC957 /* BaseMenuViewModel.swift */; };
		A5B628EE1EF0AF79005CC957 /* OptionMenuTableViewModel.swift in Sources */ = {isa = PBXBuildFile; fileRef = A5B628E81EF0AF79005CC957 /* OptionMenuTableViewModel.swift */; };
		A5B628EF1EF0AF79005CC957 /* SettingMenuViewModel.swift in Sources */ = {isa = PBXBuildFile; fileRef = A5B628E91EF0AF79005CC957 /* SettingMenuViewModel.swift */; };
		A5B628F11EF18532005CC957 /* HistoryMenuViewModel.swift in Sources */ = {isa = PBXBuildFile; fileRef = A5B628F01EF18532005CC957 /* HistoryMenuViewModel.swift */; };
/* End PBXBuildFile section */

/* Begin PBXFileReference section */
		1295D5195CBCC3B4AD027352 /* Pods-Eiger.release.xcconfig */ = {isa = PBXFileReference; includeInIndex = 1; lastKnownFileType = text.xcconfig; name = "Pods-Eiger.release.xcconfig"; path = "Pods/Target Support Files/Pods-Eiger/Pods-Eiger.release.xcconfig"; sourceTree = "<group>"; };
		154C578B614B8069966E6018 /* Pods-Weasel.release.xcconfig */ = {isa = PBXFileReference; includeInIndex = 1; lastKnownFileType = text.xcconfig; name = "Pods-Weasel.release.xcconfig"; path = "Pods/Target Support Files/Pods-Weasel/Pods-Weasel.release.xcconfig"; sourceTree = "<group>"; };
		3E3D0BCEC79923FEA1441070 /* Pods-Weasel.debug.xcconfig */ = {isa = PBXFileReference; includeInIndex = 1; lastKnownFileType = text.xcconfig; name = "Pods-Weasel.debug.xcconfig"; path = "Pods/Target Support Files/Pods-Weasel/Pods-Weasel.debug.xcconfig"; sourceTree = "<group>"; };
		615FE5E3DFBC7266C29F3D82 /* Pods_Weasel.framework */ = {isa = PBXFileReference; explicitFileType = wrapper.framework; includeInIndex = 0; path = Pods_Weasel.framework; sourceTree = BUILT_PRODUCTS_DIR; };
		A55409591EFAAA9900F29140 /* FormMenuViewModel.swift */ = {isa = PBXFileReference; fileEncoding = 4; lastKnownFileType = sourcecode.swift; path = FormMenuViewModel.swift; sourceTree = "<group>"; };
		A554095B1EFAAAB600F29140 /* FavoriteMenuViewModel.swift */ = {isa = PBXFileReference; fileEncoding = 4; lastKnownFileType = sourcecode.swift; path = FavoriteMenuViewModel.swift; sourceTree = "<group>"; };
		A55409601EFBF83700F29140 /* CircleMenu.swift */ = {isa = PBXFileReference; fileEncoding = 4; lastKnownFileType = sourcecode.swift; path = CircleMenu.swift; sourceTree = "<group>"; };
		A55409611EFBF83700F29140 /* CircleMenuItem.swift */ = {isa = PBXFileReference; fileEncoding = 4; lastKnownFileType = sourcecode.swift; path = CircleMenuItem.swift; sourceTree = "<group>"; };
		A55409621EFBF83700F29140 /* CircleProgress.swift */ = {isa = PBXFileReference; fileEncoding = 4; lastKnownFileType = sourcecode.swift; path = CircleProgress.swift; sourceTree = "<group>"; };
		A55409641EFBF83700F29140 /* OptionMenuTableView.swift */ = {isa = PBXFileReference; fileEncoding = 4; lastKnownFileType = sourcecode.swift; path = OptionMenuTableView.swift; sourceTree = "<group>"; };
		A55409651EFBF83700F29140 /* OptionMenuTableViewCell.swift */ = {isa = PBXFileReference; fileEncoding = 4; lastKnownFileType = sourcecode.swift; path = OptionMenuTableViewCell.swift; sourceTree = "<group>"; };
		A55409661EFBF83700F29140 /* OptionMenuTextField.swift */ = {isa = PBXFileReference; fileEncoding = 4; lastKnownFileType = sourcecode.swift; path = OptionMenuTextField.swift; sourceTree = "<group>"; };
		A55804DE1F13CB58006FDA24 /* NSObject+Extend.swift */ = {isa = PBXFileReference; fileEncoding = 4; lastKnownFileType = sourcecode.swift; path = "NSObject+Extend.swift"; sourceTree = "<group>"; };
		A55804E01F13CCDD006FDA24 /* Dictionary+Extend.swift */ = {isa = PBXFileReference; fileEncoding = 4; lastKnownFileType = sourcecode.swift; path = "Dictionary+Extend.swift"; sourceTree = "<group>"; };
		A55EBF161EEB009000304C69 /* DispatchQueue+Extend.swift */ = {isa = PBXFileReference; fileEncoding = 4; lastKnownFileType = sourcecode.swift; path = "DispatchQueue+Extend.swift"; sourceTree = "<group>"; };
		A55EBF171EEB009000304C69 /* Int+Extend.swift */ = {isa = PBXFileReference; fileEncoding = 4; lastKnownFileType = sourcecode.swift; path = "Int+Extend.swift"; sourceTree = "<group>"; };
		A55EBF181EEB009000304C69 /* NSNotification+Extend.swift */ = {isa = PBXFileReference; fileEncoding = 4; lastKnownFileType = sourcecode.swift; path = "NSNotification+Extend.swift"; sourceTree = "<group>"; };
		A55EBF191EEB009000304C69 /* String+Extend.swift */ = {isa = PBXFileReference; fileEncoding = 4; lastKnownFileType = sourcecode.swift; path = "String+Extend.swift"; sourceTree = "<group>"; };
		A55EBF1A1EEB009000304C69 /* UIColor+Extend.swift */ = {isa = PBXFileReference; fileEncoding = 4; lastKnownFileType = sourcecode.swift; path = "UIColor+Extend.swift"; sourceTree = "<group>"; };
		A55EBF1B1EEB009000304C69 /* UIImage+Extend.swift */ = {isa = PBXFileReference; fileEncoding = 4; lastKnownFileType = sourcecode.swift; path = "UIImage+Extend.swift"; sourceTree = "<group>"; };
		A55EBF1C1EEB009000304C69 /* UIScrollView+Extend.swift */ = {isa = PBXFileReference; fileEncoding = 4; lastKnownFileType = sourcecode.swift; path = "UIScrollView+Extend.swift"; sourceTree = "<group>"; };
		A55EBF1D1EEB009000304C69 /* UIView+Extend.swift */ = {isa = PBXFileReference; fileEncoding = 4; lastKnownFileType = sourcecode.swift; path = "UIView+Extend.swift"; sourceTree = "<group>"; };
		A55EBF201EEB009000304C69 /* CircleView.swift */ = {isa = PBXFileReference; fileEncoding = 4; lastKnownFileType = sourcecode.swift; path = CircleView.swift; sourceTree = "<group>"; };
		A55EBF211EEB009000304C69 /* ShadowView.swift */ = {isa = PBXFileReference; fileEncoding = 4; lastKnownFileType = sourcecode.swift; path = ShadowView.swift; sourceTree = "<group>"; };
		A55EBF221EEB009000304C69 /* CommonDao.swift */ = {isa = PBXFileReference; fileEncoding = 4; lastKnownFileType = sourcecode.swift; path = CommonDao.swift; sourceTree = "<group>"; };
		A55EBF231EEB009000304C69 /* Util.swift */ = {isa = PBXFileReference; fileEncoding = 4; lastKnownFileType = sourcecode.swift; path = Util.swift; sourceTree = "<group>"; };
		A55EBF2D1EEB009000304C69 /* authorize.html */ = {isa = PBXFileReference; fileEncoding = 4; lastKnownFileType = text.html; path = authorize.html; sourceTree = "<group>"; };
		A55EBF2E1EEB009000304C69 /* dns.html */ = {isa = PBXFileReference; fileEncoding = 4; lastKnownFileType = text.html; path = dns.html; sourceTree = "<group>"; };
		A55EBF2F1EEB009000304C69 /* invalid.html */ = {isa = PBXFileReference; fileEncoding = 4; lastKnownFileType = text.html; path = invalid.html; sourceTree = "<group>"; };
		A55EBF301EEB009000304C69 /* offline.html */ = {isa = PBXFileReference; fileEncoding = 4; lastKnownFileType = text.html; path = offline.html; sourceTree = "<group>"; };
		A55EBF311EEB009000304C69 /* timeout.html */ = {isa = PBXFileReference; fileEncoding = 4; lastKnownFileType = text.html; path = timeout.html; sourceTree = "<group>"; };
		A55EBF331EEB009000304C69 /* BaseViewController.swift */ = {isa = PBXFileReference; fileEncoding = 4; lastKnownFileType = sourcecode.swift; path = BaseViewController.swift; sourceTree = "<group>"; };
		A55EBF3A1EEB009000304C69 /* BaseLayer.swift */ = {isa = PBXFileReference; fileEncoding = 4; lastKnownFileType = sourcecode.swift; path = BaseLayer.swift; sourceTree = "<group>"; };
		A55EBF3C1EEB009000304C69 /* BaseView.swift */ = {isa = PBXFileReference; fileEncoding = 4; lastKnownFileType = sourcecode.swift; path = BaseView.swift; sourceTree = "<group>"; };
		A55EBF3D1EEB009000304C69 /* EGWebView.swift */ = {isa = PBXFileReference; fileEncoding = 4; lastKnownFileType = sourcecode.swift; path = EGWebView.swift; sourceTree = "<group>"; };
		A55EBF3F1EEB009000304C69 /* FooterView.swift */ = {isa = PBXFileReference; fileEncoding = 4; lastKnownFileType = sourcecode.swift; path = FooterView.swift; sourceTree = "<group>"; };
		A55EBF411EEB009000304C69 /* EGGradientLabel.swift */ = {isa = PBXFileReference; fileEncoding = 4; lastKnownFileType = sourcecode.swift; path = EGGradientLabel.swift; sourceTree = "<group>"; };
		A55EBF421EEB009000304C69 /* EGProgressBar.swift */ = {isa = PBXFileReference; fileEncoding = 4; lastKnownFileType = sourcecode.swift; path = EGProgressBar.swift; sourceTree = "<group>"; };
		A55EBF431EEB009000304C69 /* EGTextField.swift */ = {isa = PBXFileReference; fileEncoding = 4; lastKnownFileType = sourcecode.swift; path = EGTextField.swift; sourceTree = "<group>"; };
		A55EBF441EEB009000304C69 /* HeaderView.swift */ = {isa = PBXFileReference; fileEncoding = 4; lastKnownFileType = sourcecode.swift; path = HeaderView.swift; sourceTree = "<group>"; };
		A55EBF491EEB009000304C69 /* FrontLayer.swift */ = {isa = PBXFileReference; fileEncoding = 4; lastKnownFileType = sourcecode.swift; path = FrontLayer.swift; sourceTree = "<group>"; };
		A55EBF791EEB014E00304C69 /* AppDelegate.swift */ = {isa = PBXFileReference; fileEncoding = 4; lastKnownFileType = sourcecode.swift; path = AppDelegate.swift; sourceTree = "<group>"; };
		A55EBF7A1EEB014E00304C69 /* Assets.xcassets */ = {isa = PBXFileReference; lastKnownFileType = folder.assetcatalog; name = Assets.xcassets; path = ../App/Assets.xcassets; sourceTree = "<group>"; };
		A55EBF7B1EEB014E00304C69 /* EGApplication.swift */ = {isa = PBXFileReference; fileEncoding = 4; lastKnownFileType = sourcecode.swift; path = EGApplication.swift; sourceTree = "<group>"; };
		A55EBF7C1EEB014E00304C69 /* Info.plist */ = {isa = PBXFileReference; fileEncoding = 4; lastKnownFileType = text.plist.xml; path = Info.plist; sourceTree = "<group>"; };
		A575D1931F0E7B8C00714FE4 /* Thumbnail.swift */ = {isa = PBXFileReference; fileEncoding = 4; lastKnownFileType = sourcecode.swift; path = Thumbnail.swift; sourceTree = "<group>"; };
		A575D1951F0E7C1800714FE4 /* CacheHelper.swift */ = {isa = PBXFileReference; fileEncoding = 4; lastKnownFileType = sourcecode.swift; path = CacheHelper.swift; sourceTree = "<group>"; };
		A57CD1201F06B79B00F29A11 /* AppConst.swift */ = {isa = PBXFileReference; fileEncoding = 4; lastKnownFileType = sourcecode.swift; path = AppConst.swift; sourceTree = "<group>"; };
		A57CD1211F06B79B00F29A11 /* DeviceConst.swift */ = {isa = PBXFileReference; fileEncoding = 4; lastKnownFileType = sourcecode.swift; path = DeviceConst.swift; sourceTree = "<group>"; };
		A57CD1251F0845B400F29A11 /* CommonHistoryItem.swift */ = {isa = PBXFileReference; fileEncoding = 4; lastKnownFileType = sourcecode.swift; path = CommonHistoryItem.swift; sourceTree = "<group>"; };
		A57CD1261F0845B400F29A11 /* HistoryItem.swift */ = {isa = PBXFileReference; fileEncoding = 4; lastKnownFileType = sourcecode.swift; path = HistoryItem.swift; sourceTree = "<group>"; };
		A57CD1271F0845B400F29A11 /* OptionMenuItem.swift */ = {isa = PBXFileReference; fileEncoding = 4; lastKnownFileType = sourcecode.swift; path = OptionMenuItem.swift; sourceTree = "<group>"; };
		A57CD1281F0845B400F29A11 /* ThumbnailItem.swift */ = {isa = PBXFileReference; fileEncoding = 4; lastKnownFileType = sourcecode.swift; path = ThumbnailItem.swift; sourceTree = "<group>"; };
		A57CD12A1F0845B400F29A11 /* Favorite.swift */ = {isa = PBXFileReference; fileEncoding = 4; lastKnownFileType = sourcecode.swift; path = Favorite.swift; sourceTree = "<group>"; };
		A57CD12B1F0845B400F29A11 /* Form.swift */ = {isa = PBXFileReference; fileEncoding = 4; lastKnownFileType = sourcecode.swift; path = Form.swift; sourceTree = "<group>"; };
		A57CD1321F0BC3D000F29A11 /* RealmHelper.swift */ = {isa = PBXFileReference; fileEncoding = 4; lastKnownFileType = sourcecode.swift; path = RealmHelper.swift; sourceTree = "<group>"; };
		A57CD1341F0BC54300F29A11 /* Collection+Extend.swift */ = {isa = PBXFileReference; fileEncoding = 4; lastKnownFileType = sourcecode.swift; path = "Collection+Extend.swift"; sourceTree = "<group>"; };
		A57CD1361F0BC56000F29A11 /* UIButton+Extend.swift */ = {isa = PBXFileReference; fileEncoding = 4; lastKnownFileType = sourcecode.swift; path = "UIButton+Extend.swift"; sourceTree = "<group>"; };
		A57CD1381F0BC58700F29A11 /* EnumEnumerable.swift */ = {isa = PBXFileReference; fileEncoding = 4; lastKnownFileType = sourcecode.swift; path = EnumEnumerable.swift; sourceTree = "<group>"; };
		A57EFEA11E3E06D300B66701 /* Weasel.app */ = {isa = PBXFileReference; explicitFileType = wrapper.application; includeInIndex = 0; path = Weasel.app; sourceTree = BUILT_PRODUCTS_DIR; };
		A5B628D61EEECC28005CC957 /* Double+Extend.swift */ = {isa = PBXFileReference; fileEncoding = 4; lastKnownFileType = sourcecode.swift; path = "Double+Extend.swift"; sourceTree = "<group>"; };
		A5B628D81EEECC46005CC957 /* CGPoint+Extend.swift */ = {isa = PBXFileReference; fileEncoding = 4; lastKnownFileType = sourcecode.swift; path = "CGPoint+Extend.swift"; sourceTree = "<group>"; };
		A5B628E31EF0AF79005CC957 /* BaseViewModel.swift */ = {isa = PBXFileReference; fileEncoding = 4; lastKnownFileType = sourcecode.swift; path = BaseViewModel.swift; sourceTree = "<group>"; };
		A5B628E41EF0AF79005CC957 /* FooterViewModel.swift */ = {isa = PBXFileReference; fileEncoding = 4; lastKnownFileType = sourcecode.swift; path = FooterViewModel.swift; sourceTree = "<group>"; };
		A5B628E51EF0AF79005CC957 /* HeaderViewModel.swift */ = {isa = PBXFileReference; fileEncoding = 4; lastKnownFileType = sourcecode.swift; path = HeaderViewModel.swift; sourceTree = "<group>"; };
		A5B628E71EF0AF79005CC957 /* BaseMenuViewModel.swift */ = {isa = PBXFileReference; fileEncoding = 4; lastKnownFileType = sourcecode.swift; path = BaseMenuViewModel.swift; sourceTree = "<group>"; };
		A5B628E81EF0AF79005CC957 /* OptionMenuTableViewModel.swift */ = {isa = PBXFileReference; fileEncoding = 4; lastKnownFileType = sourcecode.swift; path = OptionMenuTableViewModel.swift; sourceTree = "<group>"; };
		A5B628E91EF0AF79005CC957 /* SettingMenuViewModel.swift */ = {isa = PBXFileReference; fileEncoding = 4; lastKnownFileType = sourcecode.swift; path = SettingMenuViewModel.swift; sourceTree = "<group>"; };
		A5B628F01EF18532005CC957 /* HistoryMenuViewModel.swift */ = {isa = PBXFileReference; fileEncoding = 4; lastKnownFileType = sourcecode.swift; path = HistoryMenuViewModel.swift; sourceTree = "<group>"; };
		DFF4CC3D69BCC19688AED03F /* Pods_Eiger.framework */ = {isa = PBXFileReference; explicitFileType = wrapper.framework; includeInIndex = 0; path = Pods_Eiger.framework; sourceTree = BUILT_PRODUCTS_DIR; };
		F75ECE3546ED4778637DAC93 /* Pods-Eiger.debug.xcconfig */ = {isa = PBXFileReference; includeInIndex = 1; lastKnownFileType = text.xcconfig; name = "Pods-Eiger.debug.xcconfig"; path = "Pods/Target Support Files/Pods-Eiger/Pods-Eiger.debug.xcconfig"; sourceTree = "<group>"; };
/* End PBXFileReference section */

/* Begin PBXFrameworksBuildPhase section */
		A57EFE9E1E3E06D300B66701 /* Frameworks */ = {
			isa = PBXFrameworksBuildPhase;
			buildActionMask = 2147483647;
			files = (
				9CCB516EFF3A6712AE346D1E /* Pods_Weasel.framework in Frameworks */,
			);
			runOnlyForDeploymentPostprocessing = 0;
		};
/* End PBXFrameworksBuildPhase section */

/* Begin PBXGroup section */
		1BAE9B5DD71F0DF92296651C /* Frameworks */ = {
			isa = PBXGroup;
			children = (
				DFF4CC3D69BCC19688AED03F /* Pods_Eiger.framework */,
				615FE5E3DFBC7266C29F3D82 /* Pods_Weasel.framework */,
			);
			name = Frameworks;
			sourceTree = "<group>";
		};
		2D6EC82ACCDEE92B54408E2F /* Pods */ = {
			isa = PBXGroup;
			children = (
				F75ECE3546ED4778637DAC93 /* Pods-Eiger.debug.xcconfig */,
				1295D5195CBCC3B4AD027352 /* Pods-Eiger.release.xcconfig */,
				3E3D0BCEC79923FEA1441070 /* Pods-Weasel.debug.xcconfig */,
				154C578B614B8069966E6018 /* Pods-Weasel.release.xcconfig */,
			);
			name = Pods;
			sourceTree = "<group>";
		};
		A554095F1EFBF83700F29140 /* CircleMenu */ = {
			isa = PBXGroup;
			children = (
				A55409601EFBF83700F29140 /* CircleMenu.swift */,
				A55409611EFBF83700F29140 /* CircleMenuItem.swift */,
				A55409621EFBF83700F29140 /* CircleProgress.swift */,
			);
			path = CircleMenu;
			sourceTree = "<group>";
		};
		A55409631EFBF83700F29140 /* OptionMenu */ = {
			isa = PBXGroup;
			children = (
				A55409641EFBF83700F29140 /* OptionMenuTableView.swift */,
				A55409651EFBF83700F29140 /* OptionMenuTableViewCell.swift */,
				A55409661EFBF83700F29140 /* OptionMenuTextField.swift */,
			);
			path = OptionMenu;
			sourceTree = "<group>";
		};
		A55EBF0D1EEB009000304C69 /* Weasel */ = {
			isa = PBXGroup;
			children = (
				A55EBF781EEB014E00304C69 /* App */,
				A55EBF121EEB009000304C69 /* Common */,
				A55EBF261EEB009000304C69 /* Models */,
				A55EBF2C1EEB009000304C69 /* Resources */,
				A55EBF321EEB009000304C69 /* ViewControllers */,
				A55EBF341EEB009000304C69 /* ViewModels */,
				A55EBF381EEB009000304C69 /* Views */,
			);
			path = Weasel;
			sourceTree = "<group>";
		};
		A55EBF121EEB009000304C69 /* Common */ = {
			isa = PBXGroup;
			children = (
				A55EBF221EEB009000304C69 /* CommonDao.swift */,
				A575D1951F0E7C1800714FE4 /* CacheHelper.swift */,
				A57CD1321F0BC3D000F29A11 /* RealmHelper.swift */,
				A55EBF231EEB009000304C69 /* Util.swift */,
				A57CD11F1F06B79B00F29A11 /* Define */,
				A55EBF151EEB009000304C69 /* Extension */,
				A55EBF1F1EEB009000304C69 /* Protocol */,
			);
			path = Common;
			sourceTree = "<group>";
		};
		A55EBF151EEB009000304C69 /* Extension */ = {
			isa = PBXGroup;
			children = (
				A55EBF161EEB009000304C69 /* DispatchQueue+Extend.swift */,
				A55EBF171EEB009000304C69 /* Int+Extend.swift */,
				A55EBF181EEB009000304C69 /* NSNotification+Extend.swift */,
				A55EBF191EEB009000304C69 /* String+Extend.swift */,
				A55EBF1A1EEB009000304C69 /* UIColor+Extend.swift */,
				A55EBF1B1EEB009000304C69 /* UIImage+Extend.swift */,
				A55EBF1C1EEB009000304C69 /* UIScrollView+Extend.swift */,
				A55EBF1D1EEB009000304C69 /* UIView+Extend.swift */,
				A5B628D61EEECC28005CC957 /* Double+Extend.swift */,
				A5B628D81EEECC46005CC957 /* CGPoint+Extend.swift */,
				A57CD1341F0BC54300F29A11 /* Collection+Extend.swift */,
				A57CD1361F0BC56000F29A11 /* UIButton+Extend.swift */,
				A55804DE1F13CB58006FDA24 /* NSObject+Extend.swift */,
				A55804E01F13CCDD006FDA24 /* Dictionary+Extend.swift */,
			);
			path = Extension;
			sourceTree = "<group>";
		};
		A55EBF1F1EEB009000304C69 /* Protocol */ = {
			isa = PBXGroup;
			children = (
				A55EBF201EEB009000304C69 /* CircleView.swift */,
				A55EBF211EEB009000304C69 /* ShadowView.swift */,
				A57CD1381F0BC58700F29A11 /* EnumEnumerable.swift */,
			);
			path = Protocol;
			sourceTree = "<group>";
		};
		A55EBF261EEB009000304C69 /* Models */ = {
			isa = PBXGroup;
			children = (
				A57CD1241F0845B400F29A11 /* Class */,
				A57CD1291F0845B400F29A11 /* DB */,
			);
			path = Models;
			sourceTree = "<group>";
		};
		A55EBF2C1EEB009000304C69 /* Resources */ = {
			isa = PBXGroup;
			children = (
				A55EBF7A1EEB014E00304C69 /* Assets.xcassets */,
				A55EBF2D1EEB009000304C69 /* authorize.html */,
				A55EBF2E1EEB009000304C69 /* dns.html */,
				A55EBF2F1EEB009000304C69 /* invalid.html */,
				A55EBF301EEB009000304C69 /* offline.html */,
				A55EBF311EEB009000304C69 /* timeout.html */,
			);
			path = Resources;
			sourceTree = "<group>";
		};
		A55EBF321EEB009000304C69 /* ViewControllers */ = {
			isa = PBXGroup;
			children = (
				A55EBF331EEB009000304C69 /* BaseViewController.swift */,
			);
			path = ViewControllers;
			sourceTree = "<group>";
		};
		A55EBF341EEB009000304C69 /* ViewModels */ = {
			isa = PBXGroup;
			children = (
				A5B628E21EF0AF79005CC957 /* BaseLayer */,
				A5B628E61EF0AF79005CC957 /* FrontLayer */,
			);
			path = ViewModels;
			sourceTree = "<group>";
		};
		A55EBF381EEB009000304C69 /* Views */ = {
			isa = PBXGroup;
			children = (
				A55EBF391EEB009000304C69 /* BaseLayer */,
				A55EBF451EEB009000304C69 /* FrontLayer */,
			);
			path = Views;
			sourceTree = "<group>";
		};
		A55EBF391EEB009000304C69 /* BaseLayer */ = {
			isa = PBXGroup;
			children = (
				A55EBF3A1EEB009000304C69 /* BaseLayer.swift */,
				A55EBF3B1EEB009000304C69 /* Body */,
				A55EBF3E1EEB009000304C69 /* Footer */,
				A55EBF401EEB009000304C69 /* Header */,
			);
			path = BaseLayer;
			sourceTree = "<group>";
		};
		A55EBF3B1EEB009000304C69 /* Body */ = {
			isa = PBXGroup;
			children = (
				A55EBF3C1EEB009000304C69 /* BaseView.swift */,
				A55EBF3D1EEB009000304C69 /* EGWebView.swift */,
			);
			path = Body;
			sourceTree = "<group>";
		};
		A55EBF3E1EEB009000304C69 /* Footer */ = {
			isa = PBXGroup;
			children = (
				A55EBF3F1EEB009000304C69 /* FooterView.swift */,
				A575D1931F0E7B8C00714FE4 /* Thumbnail.swift */,
			);
			path = Footer;
			sourceTree = "<group>";
		};
		A55EBF401EEB009000304C69 /* Header */ = {
			isa = PBXGroup;
			children = (
				A55EBF441EEB009000304C69 /* HeaderView.swift */,
				A55EBF411EEB009000304C69 /* EGGradientLabel.swift */,
				A55EBF421EEB009000304C69 /* EGProgressBar.swift */,
				A55EBF431EEB009000304C69 /* EGTextField.swift */,
			);
			path = Header;
			sourceTree = "<group>";
		};
		A55EBF451EEB009000304C69 /* FrontLayer */ = {
			isa = PBXGroup;
			children = (
				A55EBF491EEB009000304C69 /* FrontLayer.swift */,
				A554095F1EFBF83700F29140 /* CircleMenu */,
				A55409631EFBF83700F29140 /* OptionMenu */,
			);
			path = FrontLayer;
			sourceTree = "<group>";
		};
		A55EBF781EEB014E00304C69 /* App */ = {
			isa = PBXGroup;
			children = (
				A55EBF791EEB014E00304C69 /* AppDelegate.swift */,
				A55EBF7B1EEB014E00304C69 /* EGApplication.swift */,
				A55EBF7C1EEB014E00304C69 /* Info.plist */,
			);
			path = App;
			sourceTree = "<group>";
		};
		A57CD11F1F06B79B00F29A11 /* Define */ = {
			isa = PBXGroup;
			children = (
				A57CD1201F06B79B00F29A11 /* AppConst.swift */,
				A57CD1211F06B79B00F29A11 /* DeviceConst.swift */,
			);
			path = Define;
			sourceTree = "<group>";
		};
		A57CD1241F0845B400F29A11 /* Class */ = {
			isa = PBXGroup;
			children = (
				A57CD1251F0845B400F29A11 /* CommonHistoryItem.swift */,
				A57CD1261F0845B400F29A11 /* HistoryItem.swift */,
				A57CD1271F0845B400F29A11 /* OptionMenuItem.swift */,
				A57CD1281F0845B400F29A11 /* ThumbnailItem.swift */,
			);
			path = Class;
			sourceTree = "<group>";
		};
		A57CD1291F0845B400F29A11 /* DB */ = {
			isa = PBXGroup;
			children = (
				A57CD12A1F0845B400F29A11 /* Favorite.swift */,
				A57CD12B1F0845B400F29A11 /* Form.swift */,
			);
			path = DB;
			sourceTree = "<group>";
		};
		A57EFE981E3E06D300B66701 = {
			isa = PBXGroup;
			children = (
				A55EBF0D1EEB009000304C69 /* Weasel */,
				A57EFEA21E3E06D300B66701 /* Products */,
				2D6EC82ACCDEE92B54408E2F /* Pods */,
				1BAE9B5DD71F0DF92296651C /* Frameworks */,
			);
			sourceTree = "<group>";
		};
		A57EFEA21E3E06D300B66701 /* Products */ = {
			isa = PBXGroup;
			children = (
				A57EFEA11E3E06D300B66701 /* Weasel.app */,
			);
			name = Products;
			sourceTree = "<group>";
		};
		A5B628E21EF0AF79005CC957 /* BaseLayer */ = {
			isa = PBXGroup;
			children = (
				A5B628E31EF0AF79005CC957 /* BaseViewModel.swift */,
				A5B628E41EF0AF79005CC957 /* FooterViewModel.swift */,
				A5B628E51EF0AF79005CC957 /* HeaderViewModel.swift */,
			);
			path = BaseLayer;
			sourceTree = "<group>";
		};
		A5B628E61EF0AF79005CC957 /* FrontLayer */ = {
			isa = PBXGroup;
			children = (
				A5B628E71EF0AF79005CC957 /* BaseMenuViewModel.swift */,
				A5B628E81EF0AF79005CC957 /* OptionMenuTableViewModel.swift */,
				A5B628E91EF0AF79005CC957 /* SettingMenuViewModel.swift */,
				A5B628F01EF18532005CC957 /* HistoryMenuViewModel.swift */,
				A55409591EFAAA9900F29140 /* FormMenuViewModel.swift */,
				A554095B1EFAAAB600F29140 /* FavoriteMenuViewModel.swift */,
			);
			path = FrontLayer;
			sourceTree = "<group>";
		};
/* End PBXGroup section */

/* Begin PBXNativeTarget section */
		A57EFEA01E3E06D300B66701 /* Weasel */ = {
			isa = PBXNativeTarget;
			buildConfigurationList = A57EFEB31E3E06D300B66701 /* Build configuration list for PBXNativeTarget "Weasel" */;
			buildPhases = (
				57D8DA48BB701B7EFB84CDD9 /* [CP] Check Pods Manifest.lock */,
				A57EFE9D1E3E06D300B66701 /* Sources */,
				A57EFE9E1E3E06D300B66701 /* Frameworks */,
				A57EFE9F1E3E06D300B66701 /* Resources */,
				1D029561B4665ADEDAE1473F /* [CP] Embed Pods Frameworks */,
				1E63D71BB12081FC0887EC86 /* [CP] Copy Pods Resources */,
			);
			buildRules = (
			);
			dependencies = (
			);
			name = Weasel;
			productName = Eiger;
			productReference = A57EFEA11E3E06D300B66701 /* Weasel.app */;
			productType = "com.apple.product-type.application";
		};
/* End PBXNativeTarget section */

/* Begin PBXProject section */
		A57EFE991E3E06D300B66701 /* Project object */ = {
			isa = PBXProject;
			attributes = {
				LastSwiftUpdateCheck = 0810;
				LastUpgradeCheck = 0810;
				ORGANIZATIONNAME = eifaniori;
				TargetAttributes = {
					A57EFEA01E3E06D300B66701 = {
						CreatedOnToolsVersion = 8.1;
						DevelopmentTeam = NBF83W557A;
						LastSwiftMigration = 0820;
						ProvisioningStyle = Automatic;
					};
				};
			};
			buildConfigurationList = A57EFE9C1E3E06D300B66701 /* Build configuration list for PBXProject "Weasel" */;
			compatibilityVersion = "Xcode 3.2";
			developmentRegion = English;
			hasScannedForEncodings = 0;
			knownRegions = (
				en,
				Base,
			);
			mainGroup = A57EFE981E3E06D300B66701;
			productRefGroup = A57EFEA21E3E06D300B66701 /* Products */;
			projectDirPath = "";
			projectRoot = "";
			targets = (
				A57EFEA01E3E06D300B66701 /* Weasel */,
			);
		};
/* End PBXProject section */

/* Begin PBXResourcesBuildPhase section */
		A57EFE9F1E3E06D300B66701 /* Resources */ = {
			isa = PBXResourcesBuildPhase;
			buildActionMask = 2147483647;
			files = (
				A55EBF661EEB009000304C69 /* offline.html in Resources */,
				A55EBF631EEB009000304C69 /* authorize.html in Resources */,
				A55EBF651EEB009000304C69 /* invalid.html in Resources */,
				A55EBF641EEB009000304C69 /* dns.html in Resources */,
				A55EBF7E1EEB014E00304C69 /* Assets.xcassets in Resources */,
				A55EBF671EEB009000304C69 /* timeout.html in Resources */,
				A55EBF801EEB014E00304C69 /* Info.plist in Resources */,
			);
			runOnlyForDeploymentPostprocessing = 0;
		};
/* End PBXResourcesBuildPhase section */

/* Begin PBXShellScriptBuildPhase section */
		1D029561B4665ADEDAE1473F /* [CP] Embed Pods Frameworks */ = {
			isa = PBXShellScriptBuildPhase;
			buildActionMask = 2147483647;
			files = (
			);
			inputPaths = (
			);
			name = "[CP] Embed Pods Frameworks";
			outputPaths = (
			);
			runOnlyForDeploymentPostprocessing = 0;
			shellPath = /bin/sh;
			shellScript = "\"${SRCROOT}/Pods/Target Support Files/Pods-Weasel/Pods-Weasel-frameworks.sh\"\n";
			showEnvVarsInLog = 0;
		};
		1E63D71BB12081FC0887EC86 /* [CP] Copy Pods Resources */ = {
			isa = PBXShellScriptBuildPhase;
			buildActionMask = 2147483647;
			files = (
			);
			inputPaths = (
			);
			name = "[CP] Copy Pods Resources";
			outputPaths = (
			);
			runOnlyForDeploymentPostprocessing = 0;
			shellPath = /bin/sh;
			shellScript = "\"${SRCROOT}/Pods/Target Support Files/Pods-Weasel/Pods-Weasel-resources.sh\"\n";
			showEnvVarsInLog = 0;
		};
		57D8DA48BB701B7EFB84CDD9 /* [CP] Check Pods Manifest.lock */ = {
			isa = PBXShellScriptBuildPhase;
			buildActionMask = 2147483647;
			files = (
			);
			inputPaths = (
			);
			name = "[CP] Check Pods Manifest.lock";
			outputPaths = (
			);
			runOnlyForDeploymentPostprocessing = 0;
			shellPath = /bin/sh;
			shellScript = "diff \"${PODS_ROOT}/../Podfile.lock\" \"${PODS_ROOT}/Manifest.lock\" > /dev/null\nif [ $? != 0 ] ; then\n    # print error to STDERR\n    echo \"error: The sandbox is not in sync with the Podfile.lock. Run 'pod install' or update your CocoaPods installation.\" >&2\n    exit 1\nfi\n";
			showEnvVarsInLog = 0;
		};
/* End PBXShellScriptBuildPhase section */

/* Begin PBXSourcesBuildPhase section */
		A57EFE9D1E3E06D300B66701 /* Sources */ = {
			isa = PBXSourcesBuildPhase;
			buildActionMask = 2147483647;
			files = (
				A55EBF561EEB009000304C69 /* UIView+Extend.swift in Sources */,
				A5B628F11EF18532005CC957 /* HistoryMenuViewModel.swift in Sources */,
				A55EBF7D1EEB014E00304C69 /* AppDelegate.swift in Sources */,
				A55EBF6F1EEB009000304C69 /* FooterView.swift in Sources */,
				A57CD1221F06B79B00F29A11 /* AppConst.swift in Sources */,
				A5B628ED1EF0AF79005CC957 /* BaseMenuViewModel.swift in Sources */,
				A575D1961F0E7C1800714FE4 /* CacheHelper.swift in Sources */,
				A55EBF711EEB009000304C69 /* EGProgressBar.swift in Sources */,
				A554095C1EFAAAB600F29140 /* FavoriteMenuViewModel.swift in Sources */,
				A57CD1351F0BC54300F29A11 /* Collection+Extend.swift in Sources */,
				A55EBF681EEB009000304C69 /* BaseViewController.swift in Sources */,
				A57CD1301F0845B400F29A11 /* Favorite.swift in Sources */,
				A55EBF6C1EEB009000304C69 /* BaseLayer.swift in Sources */,
				A55EBF521EEB009000304C69 /* String+Extend.swift in Sources */,
				A57CD1311F0845B400F29A11 /* Form.swift in Sources */,
				A55EBF7F1EEB014E00304C69 /* EGApplication.swift in Sources */,
				A55EBF701EEB009000304C69 /* EGGradientLabel.swift in Sources */,
				A5B628D71EEECC28005CC957 /* Double+Extend.swift in Sources */,
				A554096C1EFBF83700F29140 /* OptionMenuTextField.swift in Sources */,
				A55804DF1F13CB58006FDA24 /* NSObject+Extend.swift in Sources */,
				A55EBF541EEB009000304C69 /* UIImage+Extend.swift in Sources */,
				A55EBF5B1EEB009000304C69 /* Util.swift in Sources */,
				A57CD1331F0BC3D000F29A11 /* RealmHelper.swift in Sources */,
				A57CD12F1F0845B400F29A11 /* ThumbnailItem.swift in Sources */,
				A5B628D91EEECC46005CC957 /* CGPoint+Extend.swift in Sources */,
				A55EBF721EEB009000304C69 /* EGTextField.swift in Sources */,
				A55EBF6D1EEB009000304C69 /* BaseView.swift in Sources */,
				A554096A1EFBF83700F29140 /* OptionMenuTableView.swift in Sources */,
				A57CD1231F06B79B00F29A11 /* DeviceConst.swift in Sources */,
				A57CD1391F0BC58700F29A11 /* EnumEnumerable.swift in Sources */,
				A55EBF771EEB009000304C69 /* FrontLayer.swift in Sources */,
				A5B628EF1EF0AF79005CC957 /* SettingMenuViewModel.swift in Sources */,
				A55409691EFBF83700F29140 /* CircleProgress.swift in Sources */,
				A5B628EB1EF0AF79005CC957 /* FooterViewModel.swift in Sources */,
				A55409671EFBF83700F29140 /* CircleMenu.swift in Sources */,
				A57CD1371F0BC56000F29A11 /* UIButton+Extend.swift in Sources */,
				A5B628EA1EF0AF79005CC957 /* BaseViewModel.swift in Sources */,
				A55409681EFBF83700F29140 /* CircleMenuItem.swift in Sources */,
				A55EBF501EEB009000304C69 /* Int+Extend.swift in Sources */,
				A55EBF591EEB009000304C69 /* ShadowView.swift in Sources */,
				A55EBF4F1EEB009000304C69 /* DispatchQueue+Extend.swift in Sources */,
				A55EBF6E1EEB009000304C69 /* EGWebView.swift in Sources */,
				A55EBF551EEB009000304C69 /* UIScrollView+Extend.swift in Sources */,
				A55EBF731EEB009000304C69 /* HeaderView.swift in Sources */,
				A575D1941F0E7B8C00714FE4 /* Thumbnail.swift in Sources */,
				A55EBF581EEB009000304C69 /* CircleView.swift in Sources */,
				A57CD12C1F0845B400F29A11 /* CommonHistoryItem.swift in Sources */,
				A55804E11F13CCDD006FDA24 /* Dictionary+Extend.swift in Sources */,
				A5B628EC1EF0AF79005CC957 /* HeaderViewModel.swift in Sources */,
				A57CD12D1F0845B400F29A11 /* HistoryItem.swift in Sources */,
				A554095A1EFAAA9900F29140 /* FormMenuViewModel.swift in Sources */,
				A55EBF511EEB009000304C69 /* NSNotification+Extend.swift in Sources */,
				A55EBF5A1EEB009000304C69 /* CommonDao.swift in Sources */,
				A554096B1EFBF83700F29140 /* OptionMenuTableViewCell.swift in Sources */,
				A5B628EE1EF0AF79005CC957 /* OptionMenuTableViewModel.swift in Sources */,
				A57CD12E1F0845B400F29A11 /* OptionMenuItem.swift in Sources */,
				A55EBF531EEB009000304C69 /* UIColor+Extend.swift in Sources */,
			);
			runOnlyForDeploymentPostprocessing = 0;
		};
/* End PBXSourcesBuildPhase section */

/* Begin XCBuildConfiguration section */
		A57EFEB11E3E06D300B66701 /* Debug */ = {
			isa = XCBuildConfiguration;
			buildSettings = {
				ALWAYS_SEARCH_USER_PATHS = NO;
				CLANG_ANALYZER_NONNULL = YES;
				CLANG_CXX_LANGUAGE_STANDARD = "gnu++0x";
				CLANG_CXX_LIBRARY = "libc++";
				CLANG_ENABLE_MODULES = YES;
				CLANG_ENABLE_OBJC_ARC = YES;
				CLANG_WARN_BOOL_CONVERSION = YES;
				CLANG_WARN_CONSTANT_CONVERSION = YES;
				CLANG_WARN_DIRECT_OBJC_ISA_USAGE = YES_ERROR;
				CLANG_WARN_DOCUMENTATION_COMMENTS = YES;
				CLANG_WARN_EMPTY_BODY = YES;
				CLANG_WARN_ENUM_CONVERSION = YES;
				CLANG_WARN_INFINITE_RECURSION = YES;
				CLANG_WARN_INT_CONVERSION = YES;
				CLANG_WARN_OBJC_ROOT_CLASS = YES_ERROR;
				CLANG_WARN_SUSPICIOUS_MOVE = YES;
				CLANG_WARN_SUSPICIOUS_MOVES = YES;
				CLANG_WARN_UNREACHABLE_CODE = YES;
				CLANG_WARN__DUPLICATE_METHOD_MATCH = YES;
				"CODE_SIGN_IDENTITY[sdk=iphoneos*]" = "iPhone Developer";
				COPY_PHASE_STRIP = NO;
				DEBUG_INFORMATION_FORMAT = dwarf;
				ENABLE_STRICT_OBJC_MSGSEND = YES;
				ENABLE_TESTABILITY = YES;
				GCC_C_LANGUAGE_STANDARD = gnu99;
				GCC_DYNAMIC_NO_PIC = NO;
				GCC_NO_COMMON_BLOCKS = YES;
				GCC_OPTIMIZATION_LEVEL = 0;
				GCC_PREPROCESSOR_DEFINITIONS = (
					"DEBUG=1",
					"$(inherited)",
				);
				GCC_WARN_64_TO_32_BIT_CONVERSION = YES;
				GCC_WARN_ABOUT_RETURN_TYPE = YES_ERROR;
				GCC_WARN_UNDECLARED_SELECTOR = YES;
				GCC_WARN_UNINITIALIZED_AUTOS = YES_AGGRESSIVE;
				GCC_WARN_UNUSED_FUNCTION = YES;
				GCC_WARN_UNUSED_VARIABLE = YES;
				IPHONEOS_DEPLOYMENT_TARGET = 9.0;
				MTL_ENABLE_DEBUG_INFO = YES;
				ONLY_ACTIVE_ARCH = YES;
				OTHER_SWIFT_FLAGS = "-DDEBUG";
				SDKROOT = iphoneos;
				SWIFT_ACTIVE_COMPILATION_CONDITIONS = DEBUG;
				SWIFT_OPTIMIZATION_LEVEL = "-Onone";
			};
			name = Debug;
		};
		A57EFEB21E3E06D300B66701 /* Release */ = {
			isa = XCBuildConfiguration;
			buildSettings = {
				ALWAYS_SEARCH_USER_PATHS = NO;
				CLANG_ANALYZER_NONNULL = YES;
				CLANG_CXX_LANGUAGE_STANDARD = "gnu++0x";
				CLANG_CXX_LIBRARY = "libc++";
				CLANG_ENABLE_MODULES = YES;
				CLANG_ENABLE_OBJC_ARC = YES;
				CLANG_WARN_BOOL_CONVERSION = YES;
				CLANG_WARN_CONSTANT_CONVERSION = YES;
				CLANG_WARN_DIRECT_OBJC_ISA_USAGE = YES_ERROR;
				CLANG_WARN_DOCUMENTATION_COMMENTS = YES;
				CLANG_WARN_EMPTY_BODY = YES;
				CLANG_WARN_ENUM_CONVERSION = YES;
				CLANG_WARN_INFINITE_RECURSION = YES;
				CLANG_WARN_INT_CONVERSION = YES;
				CLANG_WARN_OBJC_ROOT_CLASS = YES_ERROR;
				CLANG_WARN_SUSPICIOUS_MOVE = YES;
				CLANG_WARN_SUSPICIOUS_MOVES = YES;
				CLANG_WARN_UNREACHABLE_CODE = YES;
				CLANG_WARN__DUPLICATE_METHOD_MATCH = YES;
				"CODE_SIGN_IDENTITY[sdk=iphoneos*]" = "iPhone Developer";
				COPY_PHASE_STRIP = NO;
				DEBUG_INFORMATION_FORMAT = "dwarf-with-dsym";
				ENABLE_NS_ASSERTIONS = NO;
				ENABLE_STRICT_OBJC_MSGSEND = YES;
				GCC_C_LANGUAGE_STANDARD = gnu99;
				GCC_NO_COMMON_BLOCKS = YES;
				GCC_WARN_64_TO_32_BIT_CONVERSION = YES;
				GCC_WARN_ABOUT_RETURN_TYPE = YES_ERROR;
				GCC_WARN_UNDECLARED_SELECTOR = YES;
				GCC_WARN_UNINITIALIZED_AUTOS = YES_AGGRESSIVE;
				GCC_WARN_UNUSED_FUNCTION = YES;
				GCC_WARN_UNUSED_VARIABLE = YES;
				IPHONEOS_DEPLOYMENT_TARGET = 9.0;
				MTL_ENABLE_DEBUG_INFO = NO;
				SDKROOT = iphoneos;
				SWIFT_OPTIMIZATION_LEVEL = "-Owholemodule";
				VALIDATE_PRODUCT = YES;
			};
			name = Release;
		};
		A57EFEB41E3E06D300B66701 /* Debug */ = {
			isa = XCBuildConfiguration;
			baseConfigurationReference = 3E3D0BCEC79923FEA1441070 /* Pods-Weasel.debug.xcconfig */;
			buildSettings = {
				ASSETCATALOG_COMPILER_APPICON_NAME = AppIcon;
				CLANG_ENABLE_MODULES = YES;
				DEVELOPMENT_TEAM = NBF83W557A;
				INFOPLIST_FILE = Weasel/App/Info.plist;
				LD_RUNPATH_SEARCH_PATHS = "$(inherited) @executable_path/Frameworks";
				PRODUCT_BUNDLE_IDENTIFIER = com.eifaniori.Weasel;
				PRODUCT_NAME = "$(TARGET_NAME)";
				SWIFT_OBJC_BRIDGING_HEADER = "";
				SWIFT_OPTIMIZATION_LEVEL = "-Onone";
				SWIFT_VERSION = 3.0.1;
			};
			name = Debug;
		};
		A57EFEB51E3E06D300B66701 /* Release */ = {
			isa = XCBuildConfiguration;
			baseConfigurationReference = 154C578B614B8069966E6018 /* Pods-Weasel.release.xcconfig */;
			buildSettings = {
				ASSETCATALOG_COMPILER_APPICON_NAME = AppIcon;
				CLANG_ENABLE_MODULES = YES;
				DEVELOPMENT_TEAM = NBF83W557A;
				INFOPLIST_FILE = Weasel/App/Info.plist;
				LD_RUNPATH_SEARCH_PATHS = "$(inherited) @executable_path/Frameworks";
				PRODUCT_BUNDLE_IDENTIFIER = com.eifaniori.Weasel;
				PRODUCT_NAME = "$(TARGET_NAME)";
				SWIFT_OBJC_BRIDGING_HEADER = "";
				SWIFT_VERSION = 3.0.1;
			};
			name = Release;
		};
/* End XCBuildConfiguration section */

/* Begin XCConfigurationList section */
		A57EFE9C1E3E06D300B66701 /* Build configuration list for PBXProject "Weasel" */ = {
			isa = XCConfigurationList;
			buildConfigurations = (
				A57EFEB11E3E06D300B66701 /* Debug */,
				A57EFEB21E3E06D300B66701 /* Release */,
			);
			defaultConfigurationIsVisible = 0;
			defaultConfigurationName = Release;
		};
		A57EFEB31E3E06D300B66701 /* Build configuration list for PBXNativeTarget "Weasel" */ = {
			isa = XCConfigurationList;
			buildConfigurations = (
				A57EFEB41E3E06D300B66701 /* Debug */,
				A57EFEB51E3E06D300B66701 /* Release */,
			);
			defaultConfigurationIsVisible = 0;
			defaultConfigurationName = Release;
		};
/* End XCConfigurationList section */
	};
	rootObject = A57EFE991E3E06D300B66701 /* Project object */;
}
