<?xml version="1.0" encoding="UTF-8"?>
<Scheme
   LastUpgradeVersion = "1010"
   version = "1.7">
   <BuildAction
      parallelizeBuildables = "YES"
      buildImplicitDependencies = "YES">
      <PreActions>
         <ExecutionAction
            ActionType = "Xcode.IDEStandardExecutionActionsCore.ExecutionActionType.ShellScriptAction">
            <ActionContent
               title = "Run Script"
               scriptText = "f [ ! -e ${SRCROOT}/Model/env.plist ]; then&#10;cp -pR ${SRCROOT}/Model/env-dummy.plist ${SRCROOT}/Model/env.plist&#10;fi&#10;&#10;if [ ! -e ${SRCROOT}/Amby/Environment/Amby/env.plist ]; then&#10;cp -pR ${SRCROOT}/Amby/Environment/Amby/env-dummy.plist ${SRCROOT}/Amby/Environment/Amby/env.plist&#10;fi&#10;&#10;if [ ! -e ${SRCROOT}/Amby/GoogleService-Info.plist ]; then&#10;cp -pR ${SRCROOT}/Amby/GoogleService-Info-dummy.plist ${SRCROOT}/Amby/GoogleService-Info.plist&#10;fi&#10;"
               shellToInvoke = "/bin/sh">
               <EnvironmentBuildable>
                  <BuildableReference
                     BuildableIdentifier = "primary"
                     BlueprintIdentifier = "A57EFEA01E3E06D300B66701"
                     BuildableName = "Amby.app"
                     BlueprintName = "Amby"
                     ReferencedContainer = "container:Amby.xcodeproj">
                  </BuildableReference>
               </EnvironmentBuildable>
            </ActionContent>
         </ExecutionAction>
      </PreActions>
      <BuildActionEntries>
         <BuildActionEntry
            buildForTesting = "YES"
            buildForRunning = "YES"
            buildForProfiling = "YES"
            buildForArchiving = "YES"
            buildForAnalyzing = "YES">
            <BuildableReference
               BuildableIdentifier = "primary"
               BlueprintIdentifier = "A57EFEA01E3E06D300B66701"
               BuildableName = "Amby.app"
               BlueprintName = "Amby"
               ReferencedContainer = "container:Amby.xcodeproj">
            </BuildableReference>
         </BuildActionEntry>
      </BuildActionEntries>
   </BuildAction>
   <TestAction
      buildConfiguration = "Debug"
      selectedDebuggerIdentifier = "Xcode.DebuggerFoundation.Debugger.LLDB"
      selectedLauncherIdentifier = "Xcode.DebuggerFoundation.Launcher.LLDB"
      shouldUseLaunchSchemeArgsEnv = "YES">
      <Testables>
         <TestableReference
            skipped = "NO">
            <BuildableReference
               BuildableIdentifier = "primary"
               BlueprintIdentifier = "A168382A2066960B00182028"
               BuildableName = "Amby-Tests.xctest"
               BlueprintName = "Amby-Tests"
               ReferencedContainer = "container:Amby.xcodeproj">
            </BuildableReference>
         </TestableReference>
         <TestableReference
            skipped = "NO">
            <BuildableReference
               BuildableIdentifier = "primary"
               BlueprintIdentifier = "A19880722073A5E20067EC4F"
               BuildableName = "Amby-UITests.xctest"
               BlueprintName = "Amby-UITests"
               ReferencedContainer = "container:Amby.xcodeproj">
            </BuildableReference>
         </TestableReference>
         <TestableReference
            skipped = "NO">
            <BuildableReference
               BuildableIdentifier = "primary"
               BlueprintIdentifier = "A1706862213487D600AAD993"
               BuildableName = "InfrastructureTests.xctest"
               BlueprintName = "InfrastructureTests"
               ReferencedContainer = "container:Amby.xcodeproj">
            </BuildableReference>
         </TestableReference>
         <TestableReference
            skipped = "NO">
            <BuildableReference
               BuildableIdentifier = "primary"
               BlueprintIdentifier = "A1F0EA9A213490AC00DF9195"
               BuildableName = "SharedTests.xctest"
               BlueprintName = "SharedTests"
               ReferencedContainer = "container:Amby.xcodeproj">
            </BuildableReference>
         </TestableReference>
         <TestableReference
            skipped = "NO">
            <BuildableReference
               BuildableIdentifier = "primary"
               BlueprintIdentifier = "A1E33A812137111300C93FBE"
               BuildableName = "DomainTests.xctest"
               BlueprintName = "DomainTests"
               ReferencedContainer = "container:Amby.xcodeproj">
            </BuildableReference>
         </TestableReference>
         <TestableReference
            skipped = "NO">
            <BuildableReference
               BuildableIdentifier = "primary"
               BlueprintIdentifier = "A1E33AA72137149B00C93FBE"
               BuildableName = "ModelTests.xctest"
               BlueprintName = "ModelTests"
               ReferencedContainer = "container:Amby.xcodeproj">
            </BuildableReference>
         </TestableReference>
         <TestableReference
            skipped = "NO">
            <BuildableReference
               BuildableIdentifier = "primary"
               BlueprintIdentifier = "A1A3DE60213878D200F87009"
               BuildableName = "LoggerTests.xctest"
               BlueprintName = "LoggerTests"
               ReferencedContainer = "container:Amby.xcodeproj">
            </BuildableReference>
         </TestableReference>
         <TestableReference
            skipped = "NO">
            <BuildableReference
               BuildableIdentifier = "primary"
               BlueprintIdentifier = "A16A6EBA220F246500FFCB5B"
               BuildableName = "EntityTests.xctest"
               BlueprintName = "EntityTests"
               ReferencedContainer = "container:Amby.xcodeproj">
            </BuildableReference>
         </TestableReference>
         <TestableReference
            skipped = "NO">
            <BuildableReference
               BuildableIdentifier = "primary"
               BlueprintIdentifier = "A1B7F2EE220F5944008F3850"
               BuildableName = "UtilityTests.xctest"
               BlueprintName = "UtilityTests"
               ReferencedContainer = "container:Amby.xcodeproj">
            </BuildableReference>
         </TestableReference>
      </Testables>
      <MacroExpansion>
         <BuildableReference
            BuildableIdentifier = "primary"
            BlueprintIdentifier = "A57EFEA01E3E06D300B66701"
            BuildableName = "Amby.app"
            BlueprintName = "Amby"
            ReferencedContainer = "container:Amby.xcodeproj">
         </BuildableReference>
      </MacroExpansion>
      <AdditionalOptions>
      </AdditionalOptions>
   </TestAction>
   <LaunchAction
      buildConfiguration = "Debug"
      selectedDebuggerIdentifier = "Xcode.DebuggerFoundation.Debugger.LLDB"
      selectedLauncherIdentifier = "Xcode.DebuggerFoundation.Launcher.LLDB"
      launchStyle = "0"
      useCustomWorkingDirectory = "NO"
      ignoresPersistentStateOnLaunch = "NO"
      debugDocumentVersioning = "YES"
      debugServiceExtension = "internal"
      allowLocationSimulation = "YES">
      <BuildableProductRunnable
         runnableDebuggingMode = "0">
         <BuildableReference
            BuildableIdentifier = "primary"
            BlueprintIdentifier = "A57EFEA01E3E06D300B66701"
            BuildableName = "Amby.app"
            BlueprintName = "Amby"
            ReferencedContainer = "container:Amby.xcodeproj">
         </BuildableReference>
      </BuildableProductRunnable>
      <AdditionalOptions>
      </AdditionalOptions>
   </LaunchAction>
   <ProfileAction
      buildConfiguration = "Release"
      shouldUseLaunchSchemeArgsEnv = "YES"
      savedToolIdentifier = ""
      useCustomWorkingDirectory = "NO"
      debugDocumentVersioning = "YES">
      <BuildableProductRunnable
         runnableDebuggingMode = "0">
         <BuildableReference
            BuildableIdentifier = "primary"
            BlueprintIdentifier = "A57EFEA01E3E06D300B66701"
            BuildableName = "Amby.app"
            BlueprintName = "Amby"
            ReferencedContainer = "container:Amby.xcodeproj">
         </BuildableReference>
      </BuildableProductRunnable>
   </ProfileAction>
   <AnalyzeAction
      buildConfiguration = "Debug">
   </AnalyzeAction>
   <ArchiveAction
      buildConfiguration = "Release"
      revealArchiveInOrganizer = "YES">
   </ArchiveAction>
</Scheme>
